PODS:
  - RKPieChart (0.0.1)
  - SnapKit (5.6.0)
  - Then (3.0.0)

DEPENDENCIES:
  - RKPieChart
  - SnapKit
  - Then

SPEC REPOS:
  trunk:
    - RKPieChart
    - SnapKit
    - Then

SPEC CHECKSUMS:
  RKPieChart: 8e643c505d24e61574f3a2fd6bd807403840b24b
  SnapKit: e01d52ebb8ddbc333eefe2132acf85c8227d9c25
  Then: 844265ae87834bbe1147d91d5d41a404da2ec27d

PODFILE CHECKSUM: ddee38773fd2233677039f58e9bbab06e6d51c7c

COCOAPODS: 1.14.3
