// !$*UTF8*$!
{
	archiveVersion = 1;
	classes = {
	};
	objectVersion = 56;
	objects = {

/* Begin PBXBuildFile section */
		210B7B222B3FEA6600D4105D /* (null) in Sources */ = {isa = PBXBuildFile; };
		210B7B262B3FEF8E00D4105D /* (null) in Sources */ = {isa = PBXBuildFile; };
		210B7B2E2B3FF32300D4105D /* (null) in Sources */ = {isa = PBXBuildFile; };
		210B7B302B3FF4C000D4105D /* (null) in Sources */ = {isa = PBXBuildFile; };
		210B7B322B3FFF1800D4105D /* (null) in Sources */ = {isa = PBXBuildFile; };
		210B7B382B400D5100D4105D /* ActionTableViewCell.swift in Sources */ = {isa = PBXBuildFile; fileRef = 210B7B372B400D5100D4105D /* ActionTableViewCell.swift */; };
		210B7B3A2B400D6F00D4105D /* ActionModel.swift in Sources */ = {isa = PBXBuildFile; fileRef = 210B7B392B400D6F00D4105D /* ActionModel.swift */; };
		210B7B3E2B400DB900D4105D /* LimitTableViewCell.swift in Sources */ = {isa = PBXBuildFile; fileRef = 210B7B3D2B400DB900D4105D /* LimitTableViewCell.swift */; };
		210B7B402B400DD600D4105D /* LimitModel.swift in Sources */ = {isa = PBXBuildFile; fileRef = 210B7B3F2B400DD600D4105D /* LimitModel.swift */; };
		210B7B422B400E4000D4105D /* MainTableView.swift in Sources */ = {isa = PBXBuildFile; fileRef = 210B7B412B400E4000D4105D /* MainTableView.swift */; };
		210B7B452B40176900D4105D /* APICaller.swift in Sources */ = {isa = PBXBuildFile; fileRef = 210B7B442B40176900D4105D /* APICaller.swift */; };
		210B7B472B4018CF00D4105D /* ActionApi.swift in Sources */ = {isa = PBXBuildFile; fileRef = 210B7B462B4018CF00D4105D /* ActionApi.swift */; };
		210B7B492B4018D800D4105D /* LimitApi.swift in Sources */ = {isa = PBXBuildFile; fileRef = 210B7B482B4018D800D4105D /* LimitApi.swift */; };
		214CC4812B3C4782003B74EB /* SabotageApp.swift in Sources */ = {isa = PBXBuildFile; fileRef = 214CC4802B3C4782003B74EB /* SabotageApp.swift */; };
		214CC4832B3C4782003B74EB /* ContentView.swift in Sources */ = {isa = PBXBuildFile; fileRef = 214CC4822B3C4782003B74EB /* ContentView.swift */; };
		214CC4852B3C4784003B74EB /* Assets.xcassets in Resources */ = {isa = PBXBuildFile; fileRef = 214CC4842B3C4784003B74EB /* Assets.xcassets */; };
		214CC4882B3C4784003B74EB /* Preview Assets.xcassets in Resources */ = {isa = PBXBuildFile; fileRef = 214CC4872B3C4784003B74EB /* Preview Assets.xcassets */; };
		2169E7D92B3D750C00A8DC07 /* DeviceActivity.framework in Frameworks */ = {isa = PBXBuildFile; fileRef = 2169E7D82B3D750C00A8DC07 /* DeviceActivity.framework */; };
		2169E7DC2B3D750C00A8DC07 /* DeviceActivityMonitorExtension.swift in Sources */ = {isa = PBXBuildFile; fileRef = 2169E7DB2B3D750C00A8DC07 /* DeviceActivityMonitorExtension.swift */; };
		2169E7EC2B3D752A00A8DC07 /* ManagedSettings.framework in Frameworks */ = {isa = PBXBuildFile; fileRef = 2169E7EB2B3D752A00A8DC07 /* ManagedSettings.framework */; };
		2169E7EF2B3D752A00A8DC07 /* ShieldActionExtension.swift in Sources */ = {isa = PBXBuildFile; fileRef = 2169E7EE2B3D752A00A8DC07 /* ShieldActionExtension.swift */; };
		2169E7F42B3D752A00A8DC07 /* ShieldAction.appex in Embed Foundation Extensions */ = {isa = PBXBuildFile; fileRef = 2169E7EA2B3D752A00A8DC07 /* ShieldAction.appex */; settings = {ATTRIBUTES = (RemoveHeadersOnCopy, ); }; };
		2169E7FD2B3D754400A8DC07 /* ManagedSettings.framework in Frameworks */ = {isa = PBXBuildFile; fileRef = 2169E7EB2B3D752A00A8DC07 /* ManagedSettings.framework */; };
		2169E7FF2B3D754400A8DC07 /* ManagedSettingsUI.framework in Frameworks */ = {isa = PBXBuildFile; fileRef = 2169E7FE2B3D754400A8DC07 /* ManagedSettingsUI.framework */; };
		2169E8022B3D754400A8DC07 /* ShieldConfigurationExtension.swift in Sources */ = {isa = PBXBuildFile; fileRef = 2169E8012B3D754400A8DC07 /* ShieldConfigurationExtension.swift */; };
		2169E8072B3D754400A8DC07 /* ShieldConfiguration.appex in Embed Foundation Extensions */ = {isa = PBXBuildFile; fileRef = 2169E7FC2B3D754400A8DC07 /* ShieldConfiguration.appex */; settings = {ATTRIBUTES = (RemoveHeadersOnCopy, ); }; };
		2169E8122B3D75C400A8DC07 /* ScreenTimeReport.swift in Sources */ = {isa = PBXBuildFile; fileRef = 2169E8112B3D75C400A8DC07 /* ScreenTimeReport.swift */; };
		2169E8142B3D75C400A8DC07 /* TotalActivityReport.swift in Sources */ = {isa = PBXBuildFile; fileRef = 2169E8132B3D75C400A8DC07 /* TotalActivityReport.swift */; };
		2169E8162B3D75C400A8DC07 /* TotalActivityView.swift in Sources */ = {isa = PBXBuildFile; fileRef = 2169E8152B3D75C400A8DC07 /* TotalActivityView.swift */; };
		2169E81B2B3D75C400A8DC07 /* ScreenTimeReport.appex in Embed ExtensionKit Extensions */ = {isa = PBXBuildFile; fileRef = 2169E80F2B3D75C400A8DC07 /* ScreenTimeReport.appex */; settings = {ATTRIBUTES = (RemoveHeadersOnCopy, ); }; };
		2169E8222B3D778600A8DC07 /* FamilyControlManager.swift in Sources */ = {isa = PBXBuildFile; fileRef = 2169E8212B3D778600A8DC07 /* FamilyControlManager.swift */; };
		2169E8242B3D787500A8DC07 /* DeviceActivtyManager.swift in Sources */ = {isa = PBXBuildFile; fileRef = 2169E8232B3D787500A8DC07 /* DeviceActivtyManager.swift */; };
		2169E8282B3D78C100A8DC07 /* PermissionViewSU.swift in Sources */ = {isa = PBXBuildFile; fileRef = 2169E8272B3D78C100A8DC07 /* PermissionViewSU.swift */; };
		2169E82B2B3D793800A8DC07 /* PermissionVMSU.swift in Sources */ = {isa = PBXBuildFile; fileRef = 2169E82A2B3D793800A8DC07 /* PermissionVMSU.swift */; };
		2169E82D2B3D795200A8DC07 /* ScheduleVMSU.swift in Sources */ = {isa = PBXBuildFile; fileRef = 2169E82C2B3D795200A8DC07 /* ScheduleVMSU.swift */; };
		2169E8302B3D79F400A8DC07 /* Bundle_Extension.swift in Sources */ = {isa = PBXBuildFile; fileRef = 2169E82F2B3D79F400A8DC07 /* Bundle_Extension.swift */; };
		2169E8322B3D7A6900A8DC07 /* ScreenTimeActivityReport.swift in Sources */ = {isa = PBXBuildFile; fileRef = 2169E8312B3D7A6900A8DC07 /* ScreenTimeActivityReport.swift */; };
		2169E8352B3DA3FD00A8DC07 /* SelectLimitAppVMSU.swift in Sources */ = {isa = PBXBuildFile; fileRef = 2169E8342B3DA3FD00A8DC07 /* SelectLimitAppVMSU.swift */; };
		2169E8372B3DD3A600A8DC07 /* ScreenTimeVMSU.swift in Sources */ = {isa = PBXBuildFile; fileRef = 2169E8362B3DD3A600A8DC07 /* ScreenTimeVMSU.swift */; };
		2169E8392B3DD42C00A8DC07 /* AppStorageManager.swift in Sources */ = {isa = PBXBuildFile; fileRef = 2169E8382B3DD42C00A8DC07 /* AppStorageManager.swift */; };
		21741A072B41694F0062B0D7 /* ScheduleVMSU.swift in Sources */ = {isa = PBXBuildFile; fileRef = 2169E82C2B3D795200A8DC07 /* ScheduleVMSU.swift */; };
		21741A082B4169600062B0D7 /* DeviceActivtyManager.swift in Sources */ = {isa = PBXBuildFile; fileRef = 2169E8232B3D787500A8DC07 /* DeviceActivtyManager.swift */; };
		21741A0A2B41699E0062B0D7 /* shared.xcconfig in Sources */ = {isa = PBXBuildFile; fileRef = 21741A092B41699E0062B0D7 /* shared.xcconfig */; };
		21741A0B2B416A250062B0D7 /* DeviceActivityMonitorExtension.swift in Sources */ = {isa = PBXBuildFile; fileRef = 2169E7DB2B3D750C00A8DC07 /* DeviceActivityMonitorExtension.swift */; };
		21741A0C2B416A870062B0D7 /* shared.xcconfig in Resources */ = {isa = PBXBuildFile; fileRef = 21741A092B41699E0062B0D7 /* shared.xcconfig */; };
		21741A0D2B416A870062B0D7 /* shared.xcconfig in Resources */ = {isa = PBXBuildFile; fileRef = 21741A092B41699E0062B0D7 /* shared.xcconfig */; };
		21741A0E2B416A880062B0D7 /* shared.xcconfig in Resources */ = {isa = PBXBuildFile; fileRef = 21741A092B41699E0062B0D7 /* shared.xcconfig */; };
		21741A0F2B416A880062B0D7 /* shared.xcconfig in Resources */ = {isa = PBXBuildFile; fileRef = 21741A092B41699E0062B0D7 /* shared.xcconfig */; };
		21741A102B416ED40062B0D7 /* Bundle_Extension.swift in Sources */ = {isa = PBXBuildFile; fileRef = 2169E82F2B3D79F400A8DC07 /* Bundle_Extension.swift */; };
		21741A112B416FC20062B0D7 /* TotalActivityReport.swift in Sources */ = {isa = PBXBuildFile; fileRef = 2169E8132B3D75C400A8DC07 /* TotalActivityReport.swift */; };
		21741A122B416FCE0062B0D7 /* TotalActivityView.swift in Sources */ = {isa = PBXBuildFile; fileRef = 2169E8152B3D75C400A8DC07 /* TotalActivityView.swift */; };
		21741A132B416FD40062B0D7 /* ScreenTimeActivityReport.swift in Sources */ = {isa = PBXBuildFile; fileRef = 2169E8312B3D7A6900A8DC07 /* ScreenTimeActivityReport.swift */; };
		21741A142B4170010062B0D7 /* Bundle_Extension.swift in Sources */ = {isa = PBXBuildFile; fileRef = 2169E82F2B3D79F400A8DC07 /* Bundle_Extension.swift */; };
		21741A152B4170020062B0D7 /* Bundle_Extension.swift in Sources */ = {isa = PBXBuildFile; fileRef = 2169E82F2B3D79F400A8DC07 /* Bundle_Extension.swift */; };
		21741A162B4170020062B0D7 /* Bundle_Extension.swift in Sources */ = {isa = PBXBuildFile; fileRef = 2169E82F2B3D79F400A8DC07 /* Bundle_Extension.swift */; };
		21741A1B2B417CCB0062B0D7 /* DeviceActivityMonitor.appex in Resources */ = {isa = PBXBuildFile; fileRef = 2169E7D72B3D750C00A8DC07 /* DeviceActivityMonitor.appex */; };
		21741A1E2B417D520062B0D7 /* MonitoringView.swift in Sources */ = {isa = PBXBuildFile; fileRef = 21741A1D2B417D520062B0D7 /* MonitoringView.swift */; };
		21741A212B417FC60062B0D7 /* noti.swift in Sources */ = {isa = PBXBuildFile; fileRef = 21741A202B417FC60062B0D7 /* noti.swift */; };
		21741A232B4180390062B0D7 /* notiManager.swift in Sources */ = {isa = PBXBuildFile; fileRef = 21741A222B4180390062B0D7 /* notiManager.swift */; };
		21750E062B4159BA004E9A04 /* ScheduleView.swift in Sources */ = {isa = PBXBuildFile; fileRef = 21750E052B4159BA004E9A04 /* ScheduleView.swift */; };
		21E458732B418E5500AFC7F4 /* notiManager.swift in Sources */ = {isa = PBXBuildFile; fileRef = 21741A222B4180390062B0D7 /* notiManager.swift */; };
		21E458752B418EA600AFC7F4 /* notiManager.swift in Sources */ = {isa = PBXBuildFile; fileRef = 21741A222B4180390062B0D7 /* notiManager.swift */; };
		21E458782B41984300AFC7F4 /* Colors.xcassets in Resources */ = {isa = PBXBuildFile; fileRef = 21E458772B41984300AFC7F4 /* Colors.xcassets */; };
		8800F0A72B421A25005CB6D2 /* FontSystem.swift in Sources */ = {isa = PBXBuildFile; fileRef = 8800F0A62B421A25005CB6D2 /* FontSystem.swift */; };
		8852C05D2B3C491600219714 /* ProfileVC.swift in Sources */ = {isa = PBXBuildFile; fileRef = 8852C05C2B3C491600219714 /* ProfileVC.swift */; };
		8852C0612B3C4A7900219714 /* AnalysisVC.swift in Sources */ = {isa = PBXBuildFile; fileRef = 8852C0602B3C4A7900219714 /* AnalysisVC.swift */; };
		8852C0652B3C4AB300219714 /* MainVC.swift in Sources */ = {isa = PBXBuildFile; fileRef = 8852C0642B3C4AB300219714 /* MainVC.swift */; };
		8852C0692B3C4B1300219714 /* ActionItemController.swift in Sources */ = {isa = PBXBuildFile; fileRef = 8852C0682B3C4B1300219714 /* ActionItemController.swift */; };
		8852C06B2B3C4B2800219714 /* AddActionItemController.swift in Sources */ = {isa = PBXBuildFile; fileRef = 8852C06A2B3C4B2800219714 /* AddActionItemController.swift */; };
		8852C06D2B3C4B5C00219714 /* LimitItemVC.swift in Sources */ = {isa = PBXBuildFile; fileRef = 8852C06C2B3C4B5C00219714 /* LimitItemVC.swift */; };
		88637AB72B3C70ED006F1FF6 /* SaveActionItemController.swift in Sources */ = {isa = PBXBuildFile; fileRef = 88637AB62B3C70ED006F1FF6 /* SaveActionItemController.swift */; };
		88A521042B41654F00CB1DCE /* RankingTableView.swift in Sources */ = {isa = PBXBuildFile; fileRef = 88A521032B41654F00CB1DCE /* RankingTableView.swift */; };
		88ABDAB22B3EA3BD0011682E /* PieChart.swift in Sources */ = {isa = PBXBuildFile; fileRef = 88ABDAB12B3EA3BD0011682E /* PieChart.swift */; };
		88C3E4702B419EF6008953C5 /* Color+Extensions.swift in Sources */ = {isa = PBXBuildFile; fileRef = 88C3E46F2B419EF6008953C5 /* Color+Extensions.swift */; };
		DB98B45E2DBF590A60210D39 /* Pods_Sabotage.framework in Frameworks */ = {isa = PBXBuildFile; fileRef = 5BE09D05FFC7473D463C0201 /* Pods_Sabotage.framework */; };
/* End PBXBuildFile section */

/* Begin PBXContainerItemProxy section */
		2169E7DF2B3D750C00A8DC07 /* PBXContainerItemProxy */ = {
			isa = PBXContainerItemProxy;
			containerPortal = 214CC4752B3C4782003B74EB /* Project object */;
			proxyType = 1;
			remoteGlobalIDString = 2169E7D62B3D750C00A8DC07;
			remoteInfo = DeviceActivityMonitor;
		};
		2169E7F22B3D752A00A8DC07 /* PBXContainerItemProxy */ = {
			isa = PBXContainerItemProxy;
			containerPortal = 214CC4752B3C4782003B74EB /* Project object */;
			proxyType = 1;
			remoteGlobalIDString = 2169E7E92B3D752A00A8DC07;
			remoteInfo = ShieldAction;
		};
		2169E8052B3D754400A8DC07 /* PBXContainerItemProxy */ = {
			isa = PBXContainerItemProxy;
			containerPortal = 214CC4752B3C4782003B74EB /* Project object */;
			proxyType = 1;
			remoteGlobalIDString = 2169E7FB2B3D754400A8DC07;
			remoteInfo = ShieldConfiguration;
		};
		2169E8192B3D75C400A8DC07 /* PBXContainerItemProxy */ = {
			isa = PBXContainerItemProxy;
			containerPortal = 214CC4752B3C4782003B74EB /* Project object */;
			proxyType = 1;
			remoteGlobalIDString = 2169E80E2B3D75C400A8DC07;
			remoteInfo = ScreenTimeReport;
		};
/* End PBXContainerItemProxy section */

/* Begin PBXCopyFilesBuildPhase section */
		2169E7E52B3D750C00A8DC07 /* Embed Foundation Extensions */ = {
			isa = PBXCopyFilesBuildPhase;
			buildActionMask = 2147483647;
			dstPath = "";
			dstSubfolderSpec = 13;
			files = (
				2169E8072B3D754400A8DC07 /* ShieldConfiguration.appex in Embed Foundation Extensions */,
				2169E7F42B3D752A00A8DC07 /* ShieldAction.appex in Embed Foundation Extensions */,
			);
			name = "Embed Foundation Extensions";
			runOnlyForDeploymentPostprocessing = 0;
		};
		2169E81F2B3D75C400A8DC07 /* Embed ExtensionKit Extensions */ = {
			isa = PBXCopyFilesBuildPhase;
			buildActionMask = 2147483647;
			dstPath = "$(EXTENSIONS_FOLDER_PATH)";
			dstSubfolderSpec = 16;
			files = (
				2169E81B2B3D75C400A8DC07 /* ScreenTimeReport.appex in Embed ExtensionKit Extensions */,
			);
			name = "Embed ExtensionKit Extensions";
			runOnlyForDeploymentPostprocessing = 0;
		};
/* End PBXCopyFilesBuildPhase section */

/* Begin PBXFileReference section */
		16F47731CD9E18D666831D51 /* Pods-Sabotage.release.xcconfig */ = {isa = PBXFileReference; includeInIndex = 1; lastKnownFileType = text.xcconfig; name = "Pods-Sabotage.release.xcconfig"; path = "Target Support Files/Pods-Sabotage/Pods-Sabotage.release.xcconfig"; sourceTree = "<group>"; };
		210B7B372B400D5100D4105D /* ActionTableViewCell.swift */ = {isa = PBXFileReference; lastKnownFileType = sourcecode.swift; path = ActionTableViewCell.swift; sourceTree = "<group>"; };
		210B7B392B400D6F00D4105D /* ActionModel.swift */ = {isa = PBXFileReference; lastKnownFileType = sourcecode.swift; path = ActionModel.swift; sourceTree = "<group>"; };
		210B7B3D2B400DB900D4105D /* LimitTableViewCell.swift */ = {isa = PBXFileReference; lastKnownFileType = sourcecode.swift; path = LimitTableViewCell.swift; sourceTree = "<group>"; };
		210B7B3F2B400DD600D4105D /* LimitModel.swift */ = {isa = PBXFileReference; lastKnownFileType = sourcecode.swift; path = LimitModel.swift; sourceTree = "<group>"; };
		210B7B412B400E4000D4105D /* MainTableView.swift */ = {isa = PBXFileReference; lastKnownFileType = sourcecode.swift; path = MainTableView.swift; sourceTree = "<group>"; };
		210B7B442B40176900D4105D /* APICaller.swift */ = {isa = PBXFileReference; lastKnownFileType = sourcecode.swift; path = APICaller.swift; sourceTree = "<group>"; };
		210B7B462B4018CF00D4105D /* ActionApi.swift */ = {isa = PBXFileReference; lastKnownFileType = sourcecode.swift; path = ActionApi.swift; sourceTree = "<group>"; };
		210B7B482B4018D800D4105D /* LimitApi.swift */ = {isa = PBXFileReference; lastKnownFileType = sourcecode.swift; path = LimitApi.swift; sourceTree = "<group>"; };
		214CC47D2B3C4782003B74EB /* Sabotage.app */ = {isa = PBXFileReference; explicitFileType = wrapper.application; includeInIndex = 0; path = Sabotage.app; sourceTree = BUILT_PRODUCTS_DIR; };
		214CC4802B3C4782003B74EB /* SabotageApp.swift */ = {isa = PBXFileReference; lastKnownFileType = sourcecode.swift; path = SabotageApp.swift; sourceTree = "<group>"; };
		214CC4822B3C4782003B74EB /* ContentView.swift */ = {isa = PBXFileReference; lastKnownFileType = sourcecode.swift; path = ContentView.swift; sourceTree = "<group>"; };
		214CC4842B3C4784003B74EB /* Assets.xcassets */ = {isa = PBXFileReference; lastKnownFileType = folder.assetcatalog; path = Assets.xcassets; sourceTree = "<group>"; };
		214CC4872B3C4784003B74EB /* Preview Assets.xcassets */ = {isa = PBXFileReference; lastKnownFileType = folder.assetcatalog; path = "Preview Assets.xcassets"; sourceTree = "<group>"; };
		2169E7D22B3D74D300A8DC07 /* Sabotage.entitlements */ = {isa = PBXFileReference; lastKnownFileType = text.plist.entitlements; path = Sabotage.entitlements; sourceTree = "<group>"; };
		2169E7D72B3D750C00A8DC07 /* DeviceActivityMonitor.appex */ = {isa = PBXFileReference; explicitFileType = "wrapper.app-extension"; includeInIndex = 0; path = DeviceActivityMonitor.appex; sourceTree = BUILT_PRODUCTS_DIR; };
		2169E7D82B3D750C00A8DC07 /* DeviceActivity.framework */ = {isa = PBXFileReference; lastKnownFileType = wrapper.framework; name = DeviceActivity.framework; path = System/Library/Frameworks/DeviceActivity.framework; sourceTree = SDKROOT; };
		2169E7DB2B3D750C00A8DC07 /* DeviceActivityMonitorExtension.swift */ = {isa = PBXFileReference; lastKnownFileType = sourcecode.swift; path = DeviceActivityMonitorExtension.swift; sourceTree = "<group>"; };
		2169E7DD2B3D750C00A8DC07 /* Info.plist */ = {isa = PBXFileReference; lastKnownFileType = text.plist.xml; path = Info.plist; sourceTree = "<group>"; };
		2169E7DE2B3D750C00A8DC07 /* DeviceActivityMonitor.entitlements */ = {isa = PBXFileReference; lastKnownFileType = text.plist.entitlements; path = DeviceActivityMonitor.entitlements; sourceTree = "<group>"; };
		2169E7EA2B3D752A00A8DC07 /* ShieldAction.appex */ = {isa = PBXFileReference; explicitFileType = "wrapper.app-extension"; includeInIndex = 0; path = ShieldAction.appex; sourceTree = BUILT_PRODUCTS_DIR; };
		2169E7EB2B3D752A00A8DC07 /* ManagedSettings.framework */ = {isa = PBXFileReference; lastKnownFileType = wrapper.framework; name = ManagedSettings.framework; path = System/Library/Frameworks/ManagedSettings.framework; sourceTree = SDKROOT; };
		2169E7EE2B3D752A00A8DC07 /* ShieldActionExtension.swift */ = {isa = PBXFileReference; lastKnownFileType = sourcecode.swift; path = ShieldActionExtension.swift; sourceTree = "<group>"; };
		2169E7F02B3D752A00A8DC07 /* Info.plist */ = {isa = PBXFileReference; lastKnownFileType = text.plist.xml; path = Info.plist; sourceTree = "<group>"; };
		2169E7F12B3D752A00A8DC07 /* ShieldAction.entitlements */ = {isa = PBXFileReference; lastKnownFileType = text.plist.entitlements; path = ShieldAction.entitlements; sourceTree = "<group>"; };
		2169E7FC2B3D754400A8DC07 /* ShieldConfiguration.appex */ = {isa = PBXFileReference; explicitFileType = "wrapper.app-extension"; includeInIndex = 0; path = ShieldConfiguration.appex; sourceTree = BUILT_PRODUCTS_DIR; };
		2169E7FE2B3D754400A8DC07 /* ManagedSettingsUI.framework */ = {isa = PBXFileReference; lastKnownFileType = wrapper.framework; name = ManagedSettingsUI.framework; path = System/Library/Frameworks/ManagedSettingsUI.framework; sourceTree = SDKROOT; };
		2169E8012B3D754400A8DC07 /* ShieldConfigurationExtension.swift */ = {isa = PBXFileReference; lastKnownFileType = sourcecode.swift; path = ShieldConfigurationExtension.swift; sourceTree = "<group>"; };
		2169E8032B3D754400A8DC07 /* Info.plist */ = {isa = PBXFileReference; lastKnownFileType = text.plist.xml; path = Info.plist; sourceTree = "<group>"; };
		2169E8042B3D754400A8DC07 /* ShieldConfiguration.entitlements */ = {isa = PBXFileReference; lastKnownFileType = text.plist.entitlements; path = ShieldConfiguration.entitlements; sourceTree = "<group>"; };
		2169E80F2B3D75C400A8DC07 /* ScreenTimeReport.appex */ = {isa = PBXFileReference; explicitFileType = "wrapper.extensionkit-extension"; includeInIndex = 0; path = ScreenTimeReport.appex; sourceTree = BUILT_PRODUCTS_DIR; };
		2169E8112B3D75C400A8DC07 /* ScreenTimeReport.swift */ = {isa = PBXFileReference; lastKnownFileType = sourcecode.swift; path = ScreenTimeReport.swift; sourceTree = "<group>"; };
		2169E8132B3D75C400A8DC07 /* TotalActivityReport.swift */ = {isa = PBXFileReference; lastKnownFileType = sourcecode.swift; path = TotalActivityReport.swift; sourceTree = "<group>"; };
		2169E8152B3D75C400A8DC07 /* TotalActivityView.swift */ = {isa = PBXFileReference; lastKnownFileType = sourcecode.swift; path = TotalActivityView.swift; sourceTree = "<group>"; };
		2169E8172B3D75C400A8DC07 /* Info.plist */ = {isa = PBXFileReference; lastKnownFileType = text.plist.xml; path = Info.plist; sourceTree = "<group>"; };
		2169E8182B3D75C400A8DC07 /* ScreenTimeReport.entitlements */ = {isa = PBXFileReference; lastKnownFileType = text.plist.entitlements; path = ScreenTimeReport.entitlements; sourceTree = "<group>"; };
		2169E8212B3D778600A8DC07 /* FamilyControlManager.swift */ = {isa = PBXFileReference; lastKnownFileType = sourcecode.swift; path = FamilyControlManager.swift; sourceTree = "<group>"; };
		2169E8232B3D787500A8DC07 /* DeviceActivtyManager.swift */ = {isa = PBXFileReference; lastKnownFileType = sourcecode.swift; path = DeviceActivtyManager.swift; sourceTree = "<group>"; };
		2169E8272B3D78C100A8DC07 /* PermissionViewSU.swift */ = {isa = PBXFileReference; lastKnownFileType = sourcecode.swift; path = PermissionViewSU.swift; sourceTree = "<group>"; };
		2169E82A2B3D793800A8DC07 /* PermissionVMSU.swift */ = {isa = PBXFileReference; lastKnownFileType = sourcecode.swift; path = PermissionVMSU.swift; sourceTree = "<group>"; };
		2169E82C2B3D795200A8DC07 /* ScheduleVMSU.swift */ = {isa = PBXFileReference; lastKnownFileType = sourcecode.swift; path = ScheduleVMSU.swift; sourceTree = "<group>"; };
		2169E82F2B3D79F400A8DC07 /* Bundle_Extension.swift */ = {isa = PBXFileReference; lastKnownFileType = sourcecode.swift; path = Bundle_Extension.swift; sourceTree = "<group>"; };
		2169E8312B3D7A6900A8DC07 /* ScreenTimeActivityReport.swift */ = {isa = PBXFileReference; lastKnownFileType = sourcecode.swift; path = ScreenTimeActivityReport.swift; sourceTree = "<group>"; };
		2169E8332B3D958F00A8DC07 /* Info.plist */ = {isa = PBXFileReference; lastKnownFileType = text.plist; path = Info.plist; sourceTree = "<group>"; };
		2169E8342B3DA3FD00A8DC07 /* SelectLimitAppVMSU.swift */ = {isa = PBXFileReference; lastKnownFileType = sourcecode.swift; name = SelectLimitAppVMSU.swift; path = ScreenTimeReport/SelectLimitAppVMSU.swift; sourceTree = SOURCE_ROOT; };
		2169E8362B3DD3A600A8DC07 /* ScreenTimeVMSU.swift */ = {isa = PBXFileReference; lastKnownFileType = sourcecode.swift; path = ScreenTimeVMSU.swift; sourceTree = "<group>"; };
		2169E8382B3DD42C00A8DC07 /* AppStorageManager.swift */ = {isa = PBXFileReference; lastKnownFileType = sourcecode.swift; path = AppStorageManager.swift; sourceTree = "<group>"; };
		21741A092B41699E0062B0D7 /* shared.xcconfig */ = {isa = PBXFileReference; lastKnownFileType = text.xcconfig; path = shared.xcconfig; sourceTree = "<group>"; };
		21741A1D2B417D520062B0D7 /* MonitoringView.swift */ = {isa = PBXFileReference; lastKnownFileType = sourcecode.swift; path = MonitoringView.swift; sourceTree = "<group>"; };
		21741A202B417FC60062B0D7 /* noti.swift */ = {isa = PBXFileReference; lastKnownFileType = sourcecode.swift; path = noti.swift; sourceTree = "<group>"; };
		21741A222B4180390062B0D7 /* notiManager.swift */ = {isa = PBXFileReference; lastKnownFileType = sourcecode.swift; path = notiManager.swift; sourceTree = "<group>"; };
		21750E052B4159BA004E9A04 /* ScheduleView.swift */ = {isa = PBXFileReference; lastKnownFileType = sourcecode.swift; path = ScheduleView.swift; sourceTree = "<group>"; };
		21E458772B41984300AFC7F4 /* Colors.xcassets */ = {isa = PBXFileReference; lastKnownFileType = folder.assetcatalog; path = Colors.xcassets; sourceTree = "<group>"; };
		5BE09D05FFC7473D463C0201 /* Pods_Sabotage.framework */ = {isa = PBXFileReference; explicitFileType = wrapper.framework; includeInIndex = 0; path = Pods_Sabotage.framework; sourceTree = BUILT_PRODUCTS_DIR; };
		8800F0A62B421A25005CB6D2 /* FontSystem.swift */ = {isa = PBXFileReference; lastKnownFileType = sourcecode.swift; path = FontSystem.swift; sourceTree = "<group>"; };
		8852C05C2B3C491600219714 /* ProfileVC.swift */ = {isa = PBXFileReference; lastKnownFileType = sourcecode.swift; path = ProfileVC.swift; sourceTree = "<group>"; };
		8852C0602B3C4A7900219714 /* AnalysisVC.swift */ = {isa = PBXFileReference; lastKnownFileType = sourcecode.swift; path = AnalysisVC.swift; sourceTree = "<group>"; };
		8852C0642B3C4AB300219714 /* MainVC.swift */ = {isa = PBXFileReference; lastKnownFileType = sourcecode.swift; path = MainVC.swift; sourceTree = "<group>"; };
		8852C0682B3C4B1300219714 /* ActionItemController.swift */ = {isa = PBXFileReference; lastKnownFileType = sourcecode.swift; path = ActionItemController.swift; sourceTree = "<group>"; };
		8852C06A2B3C4B2800219714 /* AddActionItemController.swift */ = {isa = PBXFileReference; lastKnownFileType = sourcecode.swift; path = AddActionItemController.swift; sourceTree = "<group>"; };
		8852C06C2B3C4B5C00219714 /* LimitItemVC.swift */ = {isa = PBXFileReference; lastKnownFileType = sourcecode.swift; name = LimitItemVC.swift; path = "Sabotage/Preview Content/LimitItemVC.swift"; sourceTree = SOURCE_ROOT; };
		88637AB62B3C70ED006F1FF6 /* SaveActionItemController.swift */ = {isa = PBXFileReference; lastKnownFileType = sourcecode.swift; path = SaveActionItemController.swift; sourceTree = "<group>"; };
		88A521032B41654F00CB1DCE /* RankingTableView.swift */ = {isa = PBXFileReference; lastKnownFileType = sourcecode.swift; path = RankingTableView.swift; sourceTree = "<group>"; };
		88ABDAB12B3EA3BD0011682E /* PieChart.swift */ = {isa = PBXFileReference; lastKnownFileType = sourcecode.swift; path = PieChart.swift; sourceTree = "<group>"; };
		88C3E46F2B419EF6008953C5 /* Color+Extensions.swift */ = {isa = PBXFileReference; lastKnownFileType = sourcecode.swift; path = "Color+Extensions.swift"; sourceTree = "<group>"; };
		C1BCE96EF1EBB5C2257ED96E /* Pods-Sabotage.debug.xcconfig */ = {isa = PBXFileReference; includeInIndex = 1; lastKnownFileType = text.xcconfig; name = "Pods-Sabotage.debug.xcconfig"; path = "Target Support Files/Pods-Sabotage/Pods-Sabotage.debug.xcconfig"; sourceTree = "<group>"; };
/* End PBXFileReference section */

/* Begin PBXFrameworksBuildPhase section */
		214CC47A2B3C4782003B74EB /* Frameworks */ = {
			isa = PBXFrameworksBuildPhase;
			buildActionMask = 2147483647;
			files = (
				DB98B45E2DBF590A60210D39 /* Pods_Sabotage.framework in Frameworks */,
			);
			runOnlyForDeploymentPostprocessing = 0;
		};
		2169E7D42B3D750C00A8DC07 /* Frameworks */ = {
			isa = PBXFrameworksBuildPhase;
			buildActionMask = 2147483647;
			files = (
				2169E7D92B3D750C00A8DC07 /* DeviceActivity.framework in Frameworks */,
			);
			runOnlyForDeploymentPostprocessing = 0;
		};
		2169E7E72B3D752A00A8DC07 /* Frameworks */ = {
			isa = PBXFrameworksBuildPhase;
			buildActionMask = 2147483647;
			files = (
				2169E7EC2B3D752A00A8DC07 /* ManagedSettings.framework in Frameworks */,
			);
			runOnlyForDeploymentPostprocessing = 0;
		};
		2169E7F92B3D754400A8DC07 /* Frameworks */ = {
			isa = PBXFrameworksBuildPhase;
			buildActionMask = 2147483647;
			files = (
				2169E7FD2B3D754400A8DC07 /* ManagedSettings.framework in Frameworks */,
				2169E7FF2B3D754400A8DC07 /* ManagedSettingsUI.framework in Frameworks */,
			);
			runOnlyForDeploymentPostprocessing = 0;
		};
		2169E80C2B3D75C400A8DC07 /* Frameworks */ = {
			isa = PBXFrameworksBuildPhase;
			buildActionMask = 2147483647;
			files = (
			);
			runOnlyForDeploymentPostprocessing = 0;
		};
/* End PBXFrameworksBuildPhase section */

/* Begin PBXGroup section */
		210B7B2B2B3FF2BA00D4105D /* LimitTable */ = {
			isa = PBXGroup;
			children = (
				210B7B3D2B400DB900D4105D /* LimitTableViewCell.swift */,
			);
			path = LimitTable;
			sourceTree = "<group>";
		};
		210B7B2C2B3FF30400D4105D /* ActionTable */ = {
			isa = PBXGroup;
			children = (
				210B7B372B400D5100D4105D /* ActionTableViewCell.swift */,
			);
			path = ActionTable;
			sourceTree = "<group>";
		};
		210B7B432B40175D00D4105D /* ServerAPI */ = {
			isa = PBXGroup;
			children = (
				210B7B442B40176900D4105D /* APICaller.swift */,
				210B7B482B4018D800D4105D /* LimitApi.swift */,
				210B7B462B4018CF00D4105D /* ActionApi.swift */,
			);
			path = ServerAPI;
			sourceTree = "<group>";
		};
		214CC4742B3C4782003B74EB = {
			isa = PBXGroup;
			children = (
				214CC47F2B3C4782003B74EB /* Sabotage */,
				2169E7DA2B3D750C00A8DC07 /* DeviceActivityMonitor */,
				2169E7ED2B3D752A00A8DC07 /* ShieldAction */,
				2169E8002B3D754400A8DC07 /* ShieldConfiguration */,
				2169E8102B3D75C400A8DC07 /* ScreenTimeReport */,
				214CC47E2B3C4782003B74EB /* Products */,
				C4B8D01A6685DE79369298BF /* Pods */,
				B367982E8053F16AA7F05DB0 /* Frameworks */,
			);
			sourceTree = "<group>";
		};
		214CC47E2B3C4782003B74EB /* Products */ = {
			isa = PBXGroup;
			children = (
				214CC47D2B3C4782003B74EB /* Sabotage.app */,
				2169E7D72B3D750C00A8DC07 /* DeviceActivityMonitor.appex */,
				2169E7EA2B3D752A00A8DC07 /* ShieldAction.appex */,
				2169E7FC2B3D754400A8DC07 /* ShieldConfiguration.appex */,
				2169E80F2B3D75C400A8DC07 /* ScreenTimeReport.appex */,
			);
			name = Products;
			sourceTree = "<group>";
		};
		214CC47F2B3C4782003B74EB /* Sabotage */ = {
			isa = PBXGroup;
			children = (
				8800F0A52B421A0C005CB6D2 /* Design System */,
				21741A1F2B417FBA0062B0D7 /* NotiTest */,
				21741A1C2B417CE50062B0D7 /* monitor */,
				210B7B432B40175D00D4105D /* ServerAPI */,
				2169E8332B3D958F00A8DC07 /* Info.plist */,
				2169E82E2B3D79E100A8DC07 /* Extension */,
				2169E8202B3D773200A8DC07 /* Access */,
				2169E7D22B3D74D300A8DC07 /* Sabotage.entitlements */,
				8852C0622B3C4A9800219714 /* Main */,
				8852C05E2B3C493700219714 /* Analysis */,
				8852C05A2B3C484500219714 /* Profile */,
				214CC4802B3C4782003B74EB /* SabotageApp.swift */,
				214CC4822B3C4782003B74EB /* ContentView.swift */,
				214CC4842B3C4784003B74EB /* Assets.xcassets */,
				21E458772B41984300AFC7F4 /* Colors.xcassets */,
				214CC4862B3C4784003B74EB /* Preview Content */,
			);
			path = Sabotage;
			sourceTree = "<group>";
		};
		214CC4862B3C4784003B74EB /* Preview Content */ = {
			isa = PBXGroup;
			children = (
				214CC4872B3C4784003B74EB /* Preview Assets.xcassets */,
			);
			path = "Preview Content";
			sourceTree = "<group>";
		};
		2169E7DA2B3D750C00A8DC07 /* DeviceActivityMonitor */ = {
			isa = PBXGroup;
			children = (
				2169E7DB2B3D750C00A8DC07 /* DeviceActivityMonitorExtension.swift */,
				2169E7DD2B3D750C00A8DC07 /* Info.plist */,
				2169E7DE2B3D750C00A8DC07 /* DeviceActivityMonitor.entitlements */,
			);
			path = DeviceActivityMonitor;
			sourceTree = "<group>";
		};
		2169E7ED2B3D752A00A8DC07 /* ShieldAction */ = {
			isa = PBXGroup;
			children = (
				2169E7EE2B3D752A00A8DC07 /* ShieldActionExtension.swift */,
				2169E7F02B3D752A00A8DC07 /* Info.plist */,
				2169E7F12B3D752A00A8DC07 /* ShieldAction.entitlements */,
			);
			path = ShieldAction;
			sourceTree = "<group>";
		};
		2169E8002B3D754400A8DC07 /* ShieldConfiguration */ = {
			isa = PBXGroup;
			children = (
				2169E8012B3D754400A8DC07 /* ShieldConfigurationExtension.swift */,
				2169E8032B3D754400A8DC07 /* Info.plist */,
				2169E8042B3D754400A8DC07 /* ShieldConfiguration.entitlements */,
			);
			path = ShieldConfiguration;
			sourceTree = "<group>";
		};
		2169E8102B3D75C400A8DC07 /* ScreenTimeReport */ = {
			isa = PBXGroup;
			children = (
				2169E8112B3D75C400A8DC07 /* ScreenTimeReport.swift */,
				2169E8132B3D75C400A8DC07 /* TotalActivityReport.swift */,
				2169E8152B3D75C400A8DC07 /* TotalActivityView.swift */,
				2169E8172B3D75C400A8DC07 /* Info.plist */,
				2169E8182B3D75C400A8DC07 /* ScreenTimeReport.entitlements */,
				2169E8312B3D7A6900A8DC07 /* ScreenTimeActivityReport.swift */,
			);
			path = ScreenTimeReport;
			sourceTree = "<group>";
		};
		2169E8202B3D773200A8DC07 /* Access */ = {
			isa = PBXGroup;
			children = (
				2169E8292B3D792900A8DC07 /* ViewModel */,
				2169E8252B3D789D00A8DC07 /* Controller */,
				21741A092B41699E0062B0D7 /* shared.xcconfig */,
			);
			path = Access;
			sourceTree = "<group>";
		};
		2169E8252B3D789D00A8DC07 /* Controller */ = {
			isa = PBXGroup;
			children = (
				2169E8212B3D778600A8DC07 /* FamilyControlManager.swift */,
				2169E8232B3D787500A8DC07 /* DeviceActivtyManager.swift */,
				2169E8382B3DD42C00A8DC07 /* AppStorageManager.swift */,
			);
			path = Controller;
			sourceTree = "<group>";
		};
		2169E8292B3D792900A8DC07 /* ViewModel */ = {
			isa = PBXGroup;
			children = (
				2169E82A2B3D793800A8DC07 /* PermissionVMSU.swift */,
				2169E82C2B3D795200A8DC07 /* ScheduleVMSU.swift */,
				2169E8272B3D78C100A8DC07 /* PermissionViewSU.swift */,
				2169E8362B3DD3A600A8DC07 /* ScreenTimeVMSU.swift */,
			);
			path = ViewModel;
			sourceTree = "<group>";
		};
		2169E82E2B3D79E100A8DC07 /* Extension */ = {
			isa = PBXGroup;
			children = (
				2169E82F2B3D79F400A8DC07 /* Bundle_Extension.swift */,
				88C3E46F2B419EF6008953C5 /* Color+Extensions.swift */,
			);
			path = Extension;
			sourceTree = "<group>";
		};
		21741A1C2B417CE50062B0D7 /* monitor */ = {
			isa = PBXGroup;
			children = (
				21741A1D2B417D520062B0D7 /* MonitoringView.swift */,
			);
			path = monitor;
			sourceTree = "<group>";
		};
		21741A1F2B417FBA0062B0D7 /* NotiTest */ = {
			isa = PBXGroup;
			children = (
				21741A202B417FC60062B0D7 /* noti.swift */,
				21741A222B4180390062B0D7 /* notiManager.swift */,
			);
			path = NotiTest;
			sourceTree = "<group>";
		};
		8800F0A52B421A0C005CB6D2 /* Design System */ = {
			isa = PBXGroup;
			children = (
				8800F0A62B421A25005CB6D2 /* FontSystem.swift */,
			);
			path = "Design System";
			sourceTree = "<group>";
		};
		8852C05A2B3C484500219714 /* Profile */ = {
			isa = PBXGroup;
			children = (
				8852C05B2B3C48CD00219714 /* ProfileView */,
			);
			path = Profile;
			sourceTree = "<group>";
		};
		8852C05B2B3C48CD00219714 /* ProfileView */ = {
			isa = PBXGroup;
			children = (
				8852C05C2B3C491600219714 /* ProfileVC.swift */,
			);
			path = ProfileView;
			sourceTree = "<group>";
		};
		8852C05E2B3C493700219714 /* Analysis */ = {
			isa = PBXGroup;
			children = (
				8852C05F2B3C49A600219714 /* AnalysisView */,
			);
			path = Analysis;
			sourceTree = "<group>";
		};
		8852C05F2B3C49A600219714 /* AnalysisView */ = {
			isa = PBXGroup;
			children = (
				8852C0602B3C4A7900219714 /* AnalysisVC.swift */,
				88A521032B41654F00CB1DCE /* RankingTableView.swift */,
			);
			path = AnalysisView;
			sourceTree = "<group>";
		};
		8852C0622B3C4A9800219714 /* Main */ = {
			isa = PBXGroup;
			children = (
				8852C0632B3C4AA200219714 /* MainPage */,
				8852C0662B3C4ABF00219714 /* ActionView */,
				8852C0672B3C4ADC00219714 /* LimitView */,
			);
			path = Main;
			sourceTree = "<group>";
		};
		8852C0632B3C4AA200219714 /* MainPage */ = {
			isa = PBXGroup;
			children = (
				8852C0642B3C4AB300219714 /* MainVC.swift */,
				88ABDAB12B3EA3BD0011682E /* PieChart.swift */,
				210B7B412B400E4000D4105D /* MainTableView.swift */,
			);
			path = MainPage;
			sourceTree = "<group>";
		};
		8852C0662B3C4ABF00219714 /* ActionView */ = {
			isa = PBXGroup;
			children = (
				210B7B2C2B3FF30400D4105D /* ActionTable */,
				8852C0682B3C4B1300219714 /* ActionItemController.swift */,
				8852C06A2B3C4B2800219714 /* AddActionItemController.swift */,
				88637AB62B3C70ED006F1FF6 /* SaveActionItemController.swift */,
				210B7B392B400D6F00D4105D /* ActionModel.swift */,
			);
			path = ActionView;
			sourceTree = "<group>";
		};
		8852C0672B3C4ADC00219714 /* LimitView */ = {
			isa = PBXGroup;
			children = (
				210B7B2B2B3FF2BA00D4105D /* LimitTable */,
				8852C06C2B3C4B5C00219714 /* LimitItemVC.swift */,
				2169E8342B3DA3FD00A8DC07 /* SelectLimitAppVMSU.swift */,
				210B7B3F2B400DD600D4105D /* LimitModel.swift */,
				21750E052B4159BA004E9A04 /* ScheduleView.swift */,
			);
			path = LimitView;
			sourceTree = "<group>";
		};
		B367982E8053F16AA7F05DB0 /* Frameworks */ = {
			isa = PBXGroup;
			children = (
				2169E7D82B3D750C00A8DC07 /* DeviceActivity.framework */,
				2169E7EB2B3D752A00A8DC07 /* ManagedSettings.framework */,
				2169E7FE2B3D754400A8DC07 /* ManagedSettingsUI.framework */,
				5BE09D05FFC7473D463C0201 /* Pods_Sabotage.framework */,
			);
			name = Frameworks;
			sourceTree = "<group>";
		};
		C4B8D01A6685DE79369298BF /* Pods */ = {
			isa = PBXGroup;
			children = (
				C1BCE96EF1EBB5C2257ED96E /* Pods-Sabotage.debug.xcconfig */,
				16F47731CD9E18D666831D51 /* Pods-Sabotage.release.xcconfig */,
			);
			path = Pods;
			sourceTree = "<group>";
		};
/* End PBXGroup section */

/* Begin PBXNativeTarget section */
		214CC47C2B3C4782003B74EB /* Sabotage */ = {
			isa = PBXNativeTarget;
			buildConfigurationList = 214CC48B2B3C4784003B74EB /* Build configuration list for PBXNativeTarget "Sabotage" */;
			buildPhases = (
				C4AD5DDF2714DB7477214325 /* [CP] Check Pods Manifest.lock */,
				214CC4792B3C4782003B74EB /* Sources */,
				214CC47A2B3C4782003B74EB /* Frameworks */,
				214CC47B2B3C4782003B74EB /* Resources */,
				2169E7E52B3D750C00A8DC07 /* Embed Foundation Extensions */,
				2169E81F2B3D75C400A8DC07 /* Embed ExtensionKit Extensions */,
				96D697ED078559D4CB48E6E8 /* [CP] Embed Pods Frameworks */,
			);
			buildRules = (
			);
			dependencies = (
				2169E7E02B3D750C00A8DC07 /* PBXTargetDependency */,
				2169E7F32B3D752A00A8DC07 /* PBXTargetDependency */,
				2169E8062B3D754400A8DC07 /* PBXTargetDependency */,
				2169E81A2B3D75C400A8DC07 /* PBXTargetDependency */,
			);
			name = Sabotage;
			productName = Sabotage;
			productReference = 214CC47D2B3C4782003B74EB /* Sabotage.app */;
			productType = "com.apple.product-type.application";
		};
		2169E7D62B3D750C00A8DC07 /* DeviceActivityMonitor */ = {
			isa = PBXNativeTarget;
			buildConfigurationList = 2169E7E22B3D750C00A8DC07 /* Build configuration list for PBXNativeTarget "DeviceActivityMonitor" */;
			buildPhases = (
				2169E7D32B3D750C00A8DC07 /* Sources */,
				2169E7D42B3D750C00A8DC07 /* Frameworks */,
				2169E7D52B3D750C00A8DC07 /* Resources */,
			);
			buildRules = (
			);
			dependencies = (
			);
			name = DeviceActivityMonitor;
			productName = DeviceActivityMonitor;
			productReference = 2169E7D72B3D750C00A8DC07 /* DeviceActivityMonitor.appex */;
			productType = "com.apple.product-type.app-extension";
		};
		2169E7E92B3D752A00A8DC07 /* ShieldAction */ = {
			isa = PBXNativeTarget;
			buildConfigurationList = 2169E7F52B3D752A00A8DC07 /* Build configuration list for PBXNativeTarget "ShieldAction" */;
			buildPhases = (
				2169E7E62B3D752A00A8DC07 /* Sources */,
				2169E7E72B3D752A00A8DC07 /* Frameworks */,
				2169E7E82B3D752A00A8DC07 /* Resources */,
			);
			buildRules = (
			);
			dependencies = (
			);
			name = ShieldAction;
			productName = ShieldAction;
			productReference = 2169E7EA2B3D752A00A8DC07 /* ShieldAction.appex */;
			productType = "com.apple.product-type.app-extension";
		};
		2169E7FB2B3D754400A8DC07 /* ShieldConfiguration */ = {
			isa = PBXNativeTarget;
			buildConfigurationList = 2169E8082B3D754500A8DC07 /* Build configuration list for PBXNativeTarget "ShieldConfiguration" */;
			buildPhases = (
				2169E7F82B3D754400A8DC07 /* Sources */,
				2169E7F92B3D754400A8DC07 /* Frameworks */,
				2169E7FA2B3D754400A8DC07 /* Resources */,
			);
			buildRules = (
			);
			dependencies = (
			);
			name = ShieldConfiguration;
			productName = ShieldConfiguration;
			productReference = 2169E7FC2B3D754400A8DC07 /* ShieldConfiguration.appex */;
			productType = "com.apple.product-type.app-extension";
		};
		2169E80E2B3D75C400A8DC07 /* ScreenTimeReport */ = {
			isa = PBXNativeTarget;
			buildConfigurationList = 2169E81C2B3D75C400A8DC07 /* Build configuration list for PBXNativeTarget "ScreenTimeReport" */;
			buildPhases = (
				2169E80B2B3D75C400A8DC07 /* Sources */,
				2169E80C2B3D75C400A8DC07 /* Frameworks */,
				2169E80D2B3D75C400A8DC07 /* Resources */,
			);
			buildRules = (
			);
			dependencies = (
			);
			name = ScreenTimeReport;
			productName = ScreenTimeReport;
			productReference = 2169E80F2B3D75C400A8DC07 /* ScreenTimeReport.appex */;
			productType = "com.apple.product-type.extensionkit-extension";
		};
/* End PBXNativeTarget section */

/* Begin PBXProject section */
		214CC4752B3C4782003B74EB /* Project object */ = {
			isa = PBXProject;
			attributes = {
				BuildIndependentTargetsInParallel = 1;
				LastSwiftUpdateCheck = 1500;
				LastUpgradeCheck = 1500;
				TargetAttributes = {
					214CC47C2B3C4782003B74EB = {
						CreatedOnToolsVersion = 15.0.1;
					};
					2169E7D62B3D750C00A8DC07 = {
						CreatedOnToolsVersion = 15.0.1;
					};
					2169E7E92B3D752A00A8DC07 = {
						CreatedOnToolsVersion = 15.0.1;
					};
					2169E7FB2B3D754400A8DC07 = {
						CreatedOnToolsVersion = 15.0.1;
					};
					2169E80E2B3D75C400A8DC07 = {
						CreatedOnToolsVersion = 15.0.1;
					};
				};
			};
			buildConfigurationList = 214CC4782B3C4782003B74EB /* Build configuration list for PBXProject "Sabotage" */;
			compatibilityVersion = "Xcode 14.0";
			developmentRegion = en;
			hasScannedForEncodings = 0;
			knownRegions = (
				en,
				Base,
			);
			mainGroup = 214CC4742B3C4782003B74EB;
			productRefGroup = 214CC47E2B3C4782003B74EB /* Products */;
			projectDirPath = "";
			projectRoot = "";
			targets = (
				214CC47C2B3C4782003B74EB /* Sabotage */,
				2169E7D62B3D750C00A8DC07 /* DeviceActivityMonitor */,
				2169E7E92B3D752A00A8DC07 /* ShieldAction */,
				2169E7FB2B3D754400A8DC07 /* ShieldConfiguration */,
				2169E80E2B3D75C400A8DC07 /* ScreenTimeReport */,
			);
		};
/* End PBXProject section */

/* Begin PBXResourcesBuildPhase section */
		214CC47B2B3C4782003B74EB /* Resources */ = {
			isa = PBXResourcesBuildPhase;
			buildActionMask = 2147483647;
			files = (
				214CC4882B3C4784003B74EB /* Preview Assets.xcassets in Resources */,
				21E458782B41984300AFC7F4 /* Colors.xcassets in Resources */,
				214CC4852B3C4784003B74EB /* Assets.xcassets in Resources */,
				21741A1B2B417CCB0062B0D7 /* DeviceActivityMonitor.appex in Resources */,
			);
			runOnlyForDeploymentPostprocessing = 0;
		};
		2169E7D52B3D750C00A8DC07 /* Resources */ = {
			isa = PBXResourcesBuildPhase;
			buildActionMask = 2147483647;
			files = (
				21741A0C2B416A870062B0D7 /* shared.xcconfig in Resources */,
			);
			runOnlyForDeploymentPostprocessing = 0;
		};
		2169E7E82B3D752A00A8DC07 /* Resources */ = {
			isa = PBXResourcesBuildPhase;
			buildActionMask = 2147483647;
			files = (
				21741A0D2B416A870062B0D7 /* shared.xcconfig in Resources */,
			);
			runOnlyForDeploymentPostprocessing = 0;
		};
		2169E7FA2B3D754400A8DC07 /* Resources */ = {
			isa = PBXResourcesBuildPhase;
			buildActionMask = 2147483647;
			files = (
				21741A0E2B416A880062B0D7 /* shared.xcconfig in Resources */,
			);
			runOnlyForDeploymentPostprocessing = 0;
		};
		2169E80D2B3D75C400A8DC07 /* Resources */ = {
			isa = PBXResourcesBuildPhase;
			buildActionMask = 2147483647;
			files = (
				21741A0F2B416A880062B0D7 /* shared.xcconfig in Resources */,
			);
			runOnlyForDeploymentPostprocessing = 0;
		};
/* End PBXResourcesBuildPhase section */

/* Begin PBXShellScriptBuildPhase section */
		96D697ED078559D4CB48E6E8 /* [CP] Embed Pods Frameworks */ = {
			isa = PBXShellScriptBuildPhase;
			buildActionMask = 2147483647;
			files = (
			);
			inputFileListPaths = (
				"${PODS_ROOT}/Target Support Files/Pods-Sabotage/Pods-Sabotage-frameworks-${CONFIGURATION}-input-files.xcfilelist",
			);
			name = "[CP] Embed Pods Frameworks";
			outputFileListPaths = (
				"${PODS_ROOT}/Target Support Files/Pods-Sabotage/Pods-Sabotage-frameworks-${CONFIGURATION}-output-files.xcfilelist",
			);
			runOnlyForDeploymentPostprocessing = 0;
			shellPath = /bin/sh;
			shellScript = "\"${PODS_ROOT}/Target Support Files/Pods-Sabotage/Pods-Sabotage-frameworks.sh\"\n";
			showEnvVarsInLog = 0;
		};
		C4AD5DDF2714DB7477214325 /* [CP] Check Pods Manifest.lock */ = {
			isa = PBXShellScriptBuildPhase;
			buildActionMask = 2147483647;
			files = (
			);
			inputFileListPaths = (
			);
			inputPaths = (
				"${PODS_PODFILE_DIR_PATH}/Podfile.lock",
				"${PODS_ROOT}/Manifest.lock",
			);
			name = "[CP] Check Pods Manifest.lock";
			outputFileListPaths = (
			);
			outputPaths = (
				"$(DERIVED_FILE_DIR)/Pods-Sabotage-checkManifestLockResult.txt",
			);
			runOnlyForDeploymentPostprocessing = 0;
			shellPath = /bin/sh;
			shellScript = "diff \"${PODS_PODFILE_DIR_PATH}/Podfile.lock\" \"${PODS_ROOT}/Manifest.lock\" > /dev/null\nif [ $? != 0 ] ; then\n    # print error to STDERR\n    echo \"error: The sandbox is not in sync with the Podfile.lock. Run 'pod install' or update your CocoaPods installation.\" >&2\n    exit 1\nfi\n# This output is used by Xcode 'outputs' to avoid re-running this script phase.\necho \"SUCCESS\" > \"${SCRIPT_OUTPUT_FILE_0}\"\n";
			showEnvVarsInLog = 0;
		};
/* End PBXShellScriptBuildPhase section */

/* Begin PBXSourcesBuildPhase section */
		214CC4792B3C4782003B74EB /* Sources */ = {
			isa = PBXSourcesBuildPhase;
			buildActionMask = 2147483647;
			files = (
				88A521042B41654F00CB1DCE /* RankingTableView.swift in Sources */,
				2169E8372B3DD3A600A8DC07 /* ScreenTimeVMSU.swift in Sources */,
				21741A0A2B41699E0062B0D7 /* shared.xcconfig in Sources */,
				21741A1E2B417D520062B0D7 /* MonitoringView.swift in Sources */,
				210B7B472B4018CF00D4105D /* ActionApi.swift in Sources */,
				210B7B492B4018D800D4105D /* LimitApi.swift in Sources */,
				8852C0692B3C4B1300219714 /* ActionItemController.swift in Sources */,
				8800F0A72B421A25005CB6D2 /* FontSystem.swift in Sources */,
				2169E8222B3D778600A8DC07 /* FamilyControlManager.swift in Sources */,
				88C3E4702B419EF6008953C5 /* Color+Extensions.swift in Sources */,
				210B7B3A2B400D6F00D4105D /* ActionModel.swift in Sources */,
				210B7B382B400D5100D4105D /* ActionTableViewCell.swift in Sources */,
				21741A122B416FCE0062B0D7 /* TotalActivityView.swift in Sources */,
				21750E062B4159BA004E9A04 /* ScheduleView.swift in Sources */,
				8852C0612B3C4A7900219714 /* AnalysisVC.swift in Sources */,
				2169E8282B3D78C100A8DC07 /* PermissionViewSU.swift in Sources */,
				88637AB72B3C70ED006F1FF6 /* SaveActionItemController.swift in Sources */,
				2169E82D2B3D795200A8DC07 /* ScheduleVMSU.swift in Sources */,
				2169E8302B3D79F400A8DC07 /* Bundle_Extension.swift in Sources */,
				210B7B322B3FFF1800D4105D /* (null) in Sources */,
				8852C0652B3C4AB300219714 /* MainVC.swift in Sources */,
				2169E8392B3DD42C00A8DC07 /* AppStorageManager.swift in Sources */,
				21741A0B2B416A250062B0D7 /* DeviceActivityMonitorExtension.swift in Sources */,
				210B7B452B40176900D4105D /* APICaller.swift in Sources */,
				88ABDAB22B3EA3BD0011682E /* PieChart.swift in Sources */,
				8852C05D2B3C491600219714 /* ProfileVC.swift in Sources */,
				21741A232B4180390062B0D7 /* notiManager.swift in Sources */,
				214CC4832B3C4782003B74EB /* ContentView.swift in Sources */,
				210B7B262B3FEF8E00D4105D /* (null) in Sources */,
				214CC4812B3C4782003B74EB /* SabotageApp.swift in Sources */,
				8852C06D2B3C4B5C00219714 /* LimitItemVC.swift in Sources */,
				2169E82B2B3D793800A8DC07 /* PermissionVMSU.swift in Sources */,
				21741A132B416FD40062B0D7 /* ScreenTimeActivityReport.swift in Sources */,
				210B7B402B400DD600D4105D /* LimitModel.swift in Sources */,
				210B7B222B3FEA6600D4105D /* (null) in Sources */,
				21741A212B417FC60062B0D7 /* noti.swift in Sources */,
				210B7B422B400E4000D4105D /* MainTableView.swift in Sources */,
				2169E8242B3D787500A8DC07 /* DeviceActivtyManager.swift in Sources */,
				2169E8352B3DA3FD00A8DC07 /* SelectLimitAppVMSU.swift in Sources */,
				210B7B302B3FF4C000D4105D /* (null) in Sources */,
				210B7B3E2B400DB900D4105D /* LimitTableViewCell.swift in Sources */,
				21741A112B416FC20062B0D7 /* TotalActivityReport.swift in Sources */,
				210B7B2E2B3FF32300D4105D /* (null) in Sources */,
				8852C06B2B3C4B2800219714 /* AddActionItemController.swift in Sources */,
			);
			runOnlyForDeploymentPostprocessing = 0;
		};
		2169E7D32B3D750C00A8DC07 /* Sources */ = {
			isa = PBXSourcesBuildPhase;
			buildActionMask = 2147483647;
			files = (
				21E458732B418E5500AFC7F4 /* notiManager.swift in Sources */,
				2169E7DC2B3D750C00A8DC07 /* DeviceActivityMonitorExtension.swift in Sources */,
				21741A072B41694F0062B0D7 /* ScheduleVMSU.swift in Sources */,
				21741A082B4169600062B0D7 /* DeviceActivtyManager.swift in Sources */,
				21741A102B416ED40062B0D7 /* Bundle_Extension.swift in Sources */,
			);
			runOnlyForDeploymentPostprocessing = 0;
		};
		2169E7E62B3D752A00A8DC07 /* Sources */ = {
			isa = PBXSourcesBuildPhase;
			buildActionMask = 2147483647;
			files = (
				2169E7EF2B3D752A00A8DC07 /* ShieldActionExtension.swift in Sources */,
				21741A142B4170010062B0D7 /* Bundle_Extension.swift in Sources */,
			);
			runOnlyForDeploymentPostprocessing = 0;
		};
		2169E7F82B3D754400A8DC07 /* Sources */ = {
			isa = PBXSourcesBuildPhase;
			buildActionMask = 2147483647;
			files = (
				2169E8022B3D754400A8DC07 /* ShieldConfigurationExtension.swift in Sources */,
				21741A152B4170020062B0D7 /* Bundle_Extension.swift in Sources */,
			);
			runOnlyForDeploymentPostprocessing = 0;
		};
		2169E80B2B3D75C400A8DC07 /* Sources */ = {
			isa = PBXSourcesBuildPhase;
			buildActionMask = 2147483647;
			files = (
				2169E8162B3D75C400A8DC07 /* TotalActivityView.swift in Sources */,
				21E458752B418EA600AFC7F4 /* notiManager.swift in Sources */,
				21741A162B4170020062B0D7 /* Bundle_Extension.swift in Sources */,
				2169E8322B3D7A6900A8DC07 /* ScreenTimeActivityReport.swift in Sources */,
				2169E8122B3D75C400A8DC07 /* ScreenTimeReport.swift in Sources */,
				2169E8142B3D75C400A8DC07 /* TotalActivityReport.swift in Sources */,
			);
			runOnlyForDeploymentPostprocessing = 0;
		};
/* End PBXSourcesBuildPhase section */

/* Begin PBXTargetDependency section */
		2169E7E02B3D750C00A8DC07 /* PBXTargetDependency */ = {
			isa = PBXTargetDependency;
			target = 2169E7D62B3D750C00A8DC07 /* DeviceActivityMonitor */;
			targetProxy = 2169E7DF2B3D750C00A8DC07 /* PBXContainerItemProxy */;
		};
		2169E7F32B3D752A00A8DC07 /* PBXTargetDependency */ = {
			isa = PBXTargetDependency;
			target = 2169E7E92B3D752A00A8DC07 /* ShieldAction */;
			targetProxy = 2169E7F22B3D752A00A8DC07 /* PBXContainerItemProxy */;
		};
		2169E8062B3D754400A8DC07 /* PBXTargetDependency */ = {
			isa = PBXTargetDependency;
			target = 2169E7FB2B3D754400A8DC07 /* ShieldConfiguration */;
			targetProxy = 2169E8052B3D754400A8DC07 /* PBXContainerItemProxy */;
		};
		2169E81A2B3D75C400A8DC07 /* PBXTargetDependency */ = {
			isa = PBXTargetDependency;
			target = 2169E80E2B3D75C400A8DC07 /* ScreenTimeReport */;
			targetProxy = 2169E8192B3D75C400A8DC07 /* PBXContainerItemProxy */;
		};
/* End PBXTargetDependency section */

/* Begin XCBuildConfiguration section */
		214CC4892B3C4784003B74EB /* Debug */ = {
			isa = XCBuildConfiguration;
			buildSettings = {
				ALWAYS_SEARCH_USER_PATHS = NO;
				ASSETCATALOG_COMPILER_GENERATE_SWIFT_ASSET_SYMBOL_EXTENSIONS = YES;
				CLANG_ANALYZER_NONNULL = YES;
				CLANG_ANALYZER_NUMBER_OBJECT_CONVERSION = YES_AGGRESSIVE;
				CLANG_CXX_LANGUAGE_STANDARD = "gnu++20";
				CLANG_ENABLE_MODULES = YES;
				CLANG_ENABLE_OBJC_ARC = YES;
				CLANG_ENABLE_OBJC_WEAK = YES;
				CLANG_WARN_BLOCK_CAPTURE_AUTORELEASING = YES;
				CLANG_WARN_BOOL_CONVERSION = YES;
				CLANG_WARN_COMMA = YES;
				CLANG_WARN_CONSTANT_CONVERSION = YES;
				CLANG_WARN_DEPRECATED_OBJC_IMPLEMENTATIONS = YES;
				CLANG_WARN_DIRECT_OBJC_ISA_USAGE = YES_ERROR;
				CLANG_WARN_DOCUMENTATION_COMMENTS = YES;
				CLANG_WARN_EMPTY_BODY = YES;
				CLANG_WARN_ENUM_CONVERSION = YES;
				CLANG_WARN_INFINITE_RECURSION = YES;
				CLANG_WARN_INT_CONVERSION = YES;
				CLANG_WARN_NON_LITERAL_NULL_CONVERSION = YES;
				CLANG_WARN_OBJC_IMPLICIT_RETAIN_SELF = YES;
				CLANG_WARN_OBJC_LITERAL_CONVERSION = YES;
				CLANG_WARN_OBJC_ROOT_CLASS = YES_ERROR;
				CLANG_WARN_QUOTED_INCLUDE_IN_FRAMEWORK_HEADER = YES;
				CLANG_WARN_RANGE_LOOP_ANALYSIS = YES;
				CLANG_WARN_STRICT_PROTOTYPES = YES;
				CLANG_WARN_SUSPICIOUS_MOVE = YES;
				CLANG_WARN_UNGUARDED_AVAILABILITY = YES_AGGRESSIVE;
				CLANG_WARN_UNREACHABLE_CODE = YES;
				CLANG_WARN__DUPLICATE_METHOD_MATCH = YES;
				COPY_PHASE_STRIP = NO;
				DEBUG_INFORMATION_FORMAT = dwarf;
				ENABLE_STRICT_OBJC_MSGSEND = YES;
				ENABLE_TESTABILITY = YES;
				ENABLE_USER_SCRIPT_SANDBOXING = NO;
				GCC_C_LANGUAGE_STANDARD = gnu17;
				GCC_DYNAMIC_NO_PIC = NO;
				GCC_NO_COMMON_BLOCKS = YES;
				GCC_OPTIMIZATION_LEVEL = 0;
				GCC_PREPROCESSOR_DEFINITIONS = (
					"DEBUG=1",
					"$(inherited)",
				);
				GCC_WARN_64_TO_32_BIT_CONVERSION = YES;
				GCC_WARN_ABOUT_RETURN_TYPE = YES_ERROR;
				GCC_WARN_UNDECLARED_SELECTOR = YES;
				GCC_WARN_UNINITIALIZED_AUTOS = YES_AGGRESSIVE;
				GCC_WARN_UNUSED_FUNCTION = YES;
				GCC_WARN_UNUSED_VARIABLE = YES;
				IPHONEOS_DEPLOYMENT_TARGET = 17.0;
				LOCALIZATION_PREFERS_STRING_CATALOGS = YES;
				MTL_ENABLE_DEBUG_INFO = INCLUDE_SOURCE;
				MTL_FAST_MATH = YES;
				ONLY_ACTIVE_ARCH = YES;
				SDKROOT = iphoneos;
				SWIFT_ACTIVE_COMPILATION_CONDITIONS = "DEBUG $(inherited)";
				SWIFT_OPTIMIZATION_LEVEL = "-Onone";
			};
			name = Debug;
		};
		214CC48A2B3C4784003B74EB /* Release */ = {
			isa = XCBuildConfiguration;
			buildSettings = {
				ALWAYS_SEARCH_USER_PATHS = NO;
				ASSETCATALOG_COMPILER_GENERATE_SWIFT_ASSET_SYMBOL_EXTENSIONS = YES;
				CLANG_ANALYZER_NONNULL = YES;
				CLANG_ANALYZER_NUMBER_OBJECT_CONVERSION = YES_AGGRESSIVE;
				CLANG_CXX_LANGUAGE_STANDARD = "gnu++20";
				CLANG_ENABLE_MODULES = YES;
				CLANG_ENABLE_OBJC_ARC = YES;
				CLANG_ENABLE_OBJC_WEAK = YES;
				CLANG_WARN_BLOCK_CAPTURE_AUTORELEASING = YES;
				CLANG_WARN_BOOL_CONVERSION = YES;
				CLANG_WARN_COMMA = YES;
				CLANG_WARN_CONSTANT_CONVERSION = YES;
				CLANG_WARN_DEPRECATED_OBJC_IMPLEMENTATIONS = YES;
				CLANG_WARN_DIRECT_OBJC_ISA_USAGE = YES_ERROR;
				CLANG_WARN_DOCUMENTATION_COMMENTS = YES;
				CLANG_WARN_EMPTY_BODY = YES;
				CLANG_WARN_ENUM_CONVERSION = YES;
				CLANG_WARN_INFINITE_RECURSION = YES;
				CLANG_WARN_INT_CONVERSION = YES;
				CLANG_WARN_NON_LITERAL_NULL_CONVERSION = YES;
				CLANG_WARN_OBJC_IMPLICIT_RETAIN_SELF = YES;
				CLANG_WARN_OBJC_LITERAL_CONVERSION = YES;
				CLANG_WARN_OBJC_ROOT_CLASS = YES_ERROR;
				CLANG_WARN_QUOTED_INCLUDE_IN_FRAMEWORK_HEADER = YES;
				CLANG_WARN_RANGE_LOOP_ANALYSIS = YES;
				CLANG_WARN_STRICT_PROTOTYPES = YES;
				CLANG_WARN_SUSPICIOUS_MOVE = YES;
				CLANG_WARN_UNGUARDED_AVAILABILITY = YES_AGGRESSIVE;
				CLANG_WARN_UNREACHABLE_CODE = YES;
				CLANG_WARN__DUPLICATE_METHOD_MATCH = YES;
				COPY_PHASE_STRIP = NO;
				DEBUG_INFORMATION_FORMAT = "dwarf-with-dsym";
				ENABLE_NS_ASSERTIONS = NO;
				ENABLE_STRICT_OBJC_MSGSEND = YES;
				ENABLE_USER_SCRIPT_SANDBOXING = NO;
				GCC_C_LANGUAGE_STANDARD = gnu17;
				GCC_NO_COMMON_BLOCKS = YES;
				GCC_WARN_64_TO_32_BIT_CONVERSION = YES;
				GCC_WARN_ABOUT_RETURN_TYPE = YES_ERROR;
				GCC_WARN_UNDECLARED_SELECTOR = YES;
				GCC_WARN_UNINITIALIZED_AUTOS = YES_AGGRESSIVE;
				GCC_WARN_UNUSED_FUNCTION = YES;
				GCC_WARN_UNUSED_VARIABLE = YES;
				IPHONEOS_DEPLOYMENT_TARGET = 17.0;
				LOCALIZATION_PREFERS_STRING_CATALOGS = YES;
				MTL_ENABLE_DEBUG_INFO = NO;
				MTL_FAST_MATH = YES;
				SDKROOT = iphoneos;
				SWIFT_COMPILATION_MODE = wholemodule;
				VALIDATE_PRODUCT = YES;
			};
			name = Release;
		};
		214CC48C2B3C4784003B74EB /* Debug */ = {
			isa = XCBuildConfiguration;
			baseConfigurationReference = C1BCE96EF1EBB5C2257ED96E /* Pods-Sabotage.debug.xcconfig */;
			buildSettings = {
				ALWAYS_EMBED_SWIFT_STANDARD_LIBRARIES = YES;
				ASSETCATALOG_COMPILER_APPICON_NAME = AppIcon;
				ASSETCATALOG_COMPILER_GLOBAL_ACCENT_COLOR_NAME = AccentColor;
				CODE_SIGN_ENTITLEMENTS = Sabotage/Sabotage.entitlements;
				CODE_SIGN_STYLE = Automatic;
				CURRENT_PROJECT_VERSION = 1;
				DEVELOPMENT_ASSET_PATHS = "\"Sabotage/Preview Content\"";
				DEVELOPMENT_TEAM = 3XQ8HFGAQN;
				ENABLE_PREVIEWS = YES;
				GENERATE_INFOPLIST_FILE = YES;
				INFOPLIST_FILE = Sabotage/Info.plist;
				INFOPLIST_KEY_UIApplicationSceneManifest_Generation = YES;
				INFOPLIST_KEY_UIApplicationSupportsIndirectInputEvents = YES;
				INFOPLIST_KEY_UILaunchScreen_Generation = YES;
				INFOPLIST_KEY_UISupportedInterfaceOrientations_iPad = "UIInterfaceOrientationPortrait UIInterfaceOrientationPortraitUpsideDown UIInterfaceOrientationLandscapeLeft UIInterfaceOrientationLandscapeRight";
				INFOPLIST_KEY_UISupportedInterfaceOrientations_iPhone = "UIInterfaceOrientationPortrait UIInterfaceOrientationLandscapeLeft UIInterfaceOrientationLandscapeRight";
				LD_RUNPATH_SEARCH_PATHS = (
					"$(inherited)",
					"@executable_path/Frameworks",
				);
				MARKETING_VERSION = 1.0;
				PRODUCT_BUNDLE_IDENTIFIER = com.one.ram.Sabotage;
				PRODUCT_NAME = "$(TARGET_NAME)";
				SWIFT_EMIT_LOC_STRINGS = YES;
				SWIFT_VERSION = 5.0;
				TARGETED_DEVICE_FAMILY = "1,2";
			};
			name = Debug;
		};
		214CC48D2B3C4784003B74EB /* Release */ = {
			isa = XCBuildConfiguration;
			baseConfigurationReference = 16F47731CD9E18D666831D51 /* Pods-Sabotage.release.xcconfig */;
			buildSettings = {
				ALWAYS_EMBED_SWIFT_STANDARD_LIBRARIES = YES;
				ASSETCATALOG_COMPILER_APPICON_NAME = AppIcon;
				ASSETCATALOG_COMPILER_GLOBAL_ACCENT_COLOR_NAME = AccentColor;
				CODE_SIGN_ENTITLEMENTS = Sabotage/Sabotage.entitlements;
				CODE_SIGN_STYLE = Automatic;
				CURRENT_PROJECT_VERSION = 1;
				DEVELOPMENT_ASSET_PATHS = "\"Sabotage/Preview Content\"";
				DEVELOPMENT_TEAM = 3XQ8HFGAQN;
				ENABLE_PREVIEWS = YES;
				GENERATE_INFOPLIST_FILE = YES;
				INFOPLIST_FILE = Sabotage/Info.plist;
				INFOPLIST_KEY_UIApplicationSceneManifest_Generation = YES;
				INFOPLIST_KEY_UIApplicationSupportsIndirectInputEvents = YES;
				INFOPLIST_KEY_UILaunchScreen_Generation = YES;
				INFOPLIST_KEY_UISupportedInterfaceOrientations_iPad = "UIInterfaceOrientationPortrait UIInterfaceOrientationPortraitUpsideDown UIInterfaceOrientationLandscapeLeft UIInterfaceOrientationLandscapeRight";
				INFOPLIST_KEY_UISupportedInterfaceOrientations_iPhone = "UIInterfaceOrientationPortrait UIInterfaceOrientationLandscapeLeft UIInterfaceOrientationLandscapeRight";
				LD_RUNPATH_SEARCH_PATHS = (
					"$(inherited)",
					"@executable_path/Frameworks",
				);
				MARKETING_VERSION = 1.0;
				PRODUCT_BUNDLE_IDENTIFIER = com.one.ram.Sabotage;
				PRODUCT_NAME = "$(TARGET_NAME)";
				SWIFT_EMIT_LOC_STRINGS = YES;
				SWIFT_VERSION = 5.0;
				TARGETED_DEVICE_FAMILY = "1,2";
			};
			name = Release;
		};
		2169E7E32B3D750C00A8DC07 /* Debug */ = {
			isa = XCBuildConfiguration;
			buildSettings = {
				CODE_SIGN_ENTITLEMENTS = DeviceActivityMonitor/DeviceActivityMonitor.entitlements;
				CODE_SIGN_STYLE = Automatic;
				CURRENT_PROJECT_VERSION = 1;
				DEVELOPMENT_TEAM = 3XQ8HFGAQN;
				ENABLE_USER_SCRIPT_SANDBOXING = YES;
				GENERATE_INFOPLIST_FILE = YES;
				INFOPLIST_FILE = DeviceActivityMonitor/Info.plist;
				INFOPLIST_KEY_CFBundleDisplayName = DeviceActivityMonitor;
				INFOPLIST_KEY_NSHumanReadableCopyright = "";
				LD_RUNPATH_SEARCH_PATHS = (
					"$(inherited)",
					"@executable_path/Frameworks",
					"@executable_path/../../Frameworks",
				);
				MARKETING_VERSION = 1.0;
				PRODUCT_BUNDLE_IDENTIFIER = com.one.ram.Sabotage.DeviceActivityMonitor;
				PRODUCT_NAME = "$(TARGET_NAME)";
				SKIP_INSTALL = YES;
				SWIFT_EMIT_LOC_STRINGS = YES;
				SWIFT_VERSION = 5.0;
				TARGETED_DEVICE_FAMILY = "1,2";
			};
			name = Debug;
		};
		2169E7E42B3D750C00A8DC07 /* Release */ = {
			isa = XCBuildConfiguration;
			buildSettings = {
				CODE_SIGN_ENTITLEMENTS = DeviceActivityMonitor/DeviceActivityMonitor.entitlements;
				CODE_SIGN_STYLE = Automatic;
				CURRENT_PROJECT_VERSION = 1;
				DEVELOPMENT_TEAM = 3XQ8HFGAQN;
				ENABLE_USER_SCRIPT_SANDBOXING = YES;
				GENERATE_INFOPLIST_FILE = YES;
				INFOPLIST_FILE = DeviceActivityMonitor/Info.plist;
				INFOPLIST_KEY_CFBundleDisplayName = DeviceActivityMonitor;
				INFOPLIST_KEY_NSHumanReadableCopyright = "";
				LD_RUNPATH_SEARCH_PATHS = (
					"$(inherited)",
					"@executable_path/Frameworks",
					"@executable_path/../../Frameworks",
				);
				MARKETING_VERSION = 1.0;
				PRODUCT_BUNDLE_IDENTIFIER = com.one.ram.Sabotage.DeviceActivityMonitor;
				PRODUCT_NAME = "$(TARGET_NAME)";
				SKIP_INSTALL = YES;
				SWIFT_EMIT_LOC_STRINGS = YES;
				SWIFT_VERSION = 5.0;
				TARGETED_DEVICE_FAMILY = "1,2";
			};
			name = Release;
		};
		2169E7F62B3D752A00A8DC07 /* Debug */ = {
			isa = XCBuildConfiguration;
			buildSettings = {
				CODE_SIGN_ENTITLEMENTS = ShieldAction/ShieldAction.entitlements;
				CODE_SIGN_STYLE = Automatic;
				CURRENT_PROJECT_VERSION = 1;
				DEVELOPMENT_TEAM = 3XQ8HFGAQN;
				ENABLE_USER_SCRIPT_SANDBOXING = YES;
				GENERATE_INFOPLIST_FILE = YES;
				INFOPLIST_FILE = ShieldAction/Info.plist;
				INFOPLIST_KEY_CFBundleDisplayName = ShieldAction;
				INFOPLIST_KEY_NSHumanReadableCopyright = "";
				LD_RUNPATH_SEARCH_PATHS = (
					"$(inherited)",
					"@executable_path/Frameworks",
					"@executable_path/../../Frameworks",
				);
				MARKETING_VERSION = 1.0;
				PRODUCT_BUNDLE_IDENTIFIER = com.one.ram.Sabotage.ShieldAction;
				PRODUCT_NAME = "$(TARGET_NAME)";
				SKIP_INSTALL = YES;
				SWIFT_EMIT_LOC_STRINGS = YES;
				SWIFT_VERSION = 5.0;
				TARGETED_DEVICE_FAMILY = "1,2";
			};
			name = Debug;
		};
		2169E7F72B3D752A00A8DC07 /* Release */ = {
			isa = XCBuildConfiguration;
			buildSettings = {
				CODE_SIGN_ENTITLEMENTS = ShieldAction/ShieldAction.entitlements;
				CODE_SIGN_STYLE = Automatic;
				CURRENT_PROJECT_VERSION = 1;
				DEVELOPMENT_TEAM = 3XQ8HFGAQN;
				ENABLE_USER_SCRIPT_SANDBOXING = YES;
				GENERATE_INFOPLIST_FILE = YES;
				INFOPLIST_FILE = ShieldAction/Info.plist;
				INFOPLIST_KEY_CFBundleDisplayName = ShieldAction;
				INFOPLIST_KEY_NSHumanReadableCopyright = "";
				LD_RUNPATH_SEARCH_PATHS = (
					"$(inherited)",
					"@executable_path/Frameworks",
					"@executable_path/../../Frameworks",
				);
				MARKETING_VERSION = 1.0;
				PRODUCT_BUNDLE_IDENTIFIER = com.one.ram.Sabotage.ShieldAction;
				PRODUCT_NAME = "$(TARGET_NAME)";
				SKIP_INSTALL = YES;
				SWIFT_EMIT_LOC_STRINGS = YES;
				SWIFT_VERSION = 5.0;
				TARGETED_DEVICE_FAMILY = "1,2";
			};
			name = Release;
		};
		2169E8092B3D754500A8DC07 /* Debug */ = {
			isa = XCBuildConfiguration;
			buildSettings = {
				CODE_SIGN_ENTITLEMENTS = ShieldConfiguration/ShieldConfiguration.entitlements;
				CODE_SIGN_STYLE = Automatic;
				CURRENT_PROJECT_VERSION = 1;
				DEVELOPMENT_TEAM = 3XQ8HFGAQN;
				ENABLE_USER_SCRIPT_SANDBOXING = YES;
				GENERATE_INFOPLIST_FILE = YES;
				INFOPLIST_FILE = ShieldConfiguration/Info.plist;
				INFOPLIST_KEY_CFBundleDisplayName = ShieldConfiguration;
				INFOPLIST_KEY_NSHumanReadableCopyright = "";
				LD_RUNPATH_SEARCH_PATHS = (
					"$(inherited)",
					"@executable_path/Frameworks",
					"@executable_path/../../Frameworks",
				);
				MARKETING_VERSION = 1.0;
				PRODUCT_BUNDLE_IDENTIFIER = com.one.ram.Sabotage.ShieldConfiguration;
				PRODUCT_NAME = "$(TARGET_NAME)";
				SKIP_INSTALL = YES;
				SWIFT_EMIT_LOC_STRINGS = YES;
				SWIFT_VERSION = 5.0;
				TARGETED_DEVICE_FAMILY = "1,2";
			};
			name = Debug;
		};
		2169E80A2B3D754500A8DC07 /* Release */ = {
			isa = XCBuildConfiguration;
			buildSettings = {
				CODE_SIGN_ENTITLEMENTS = ShieldConfiguration/ShieldConfiguration.entitlements;
				CODE_SIGN_STYLE = Automatic;
				CURRENT_PROJECT_VERSION = 1;
				DEVELOPMENT_TEAM = 3XQ8HFGAQN;
				ENABLE_USER_SCRIPT_SANDBOXING = YES;
				GENERATE_INFOPLIST_FILE = YES;
				INFOPLIST_FILE = ShieldConfiguration/Info.plist;
				INFOPLIST_KEY_CFBundleDisplayName = ShieldConfiguration;
				INFOPLIST_KEY_NSHumanReadableCopyright = "";
				LD_RUNPATH_SEARCH_PATHS = (
					"$(inherited)",
					"@executable_path/Frameworks",
					"@executable_path/../../Frameworks",
				);
				MARKETING_VERSION = 1.0;
				PRODUCT_BUNDLE_IDENTIFIER = com.one.ram.Sabotage.ShieldConfiguration;
				PRODUCT_NAME = "$(TARGET_NAME)";
				SKIP_INSTALL = YES;
				SWIFT_EMIT_LOC_STRINGS = YES;
				SWIFT_VERSION = 5.0;
				TARGETED_DEVICE_FAMILY = "1,2";
			};
			name = Release;
		};
		2169E81D2B3D75C400A8DC07 /* Debug */ = {
			isa = XCBuildConfiguration;
			buildSettings = {
				CODE_SIGN_ENTITLEMENTS = ScreenTimeReport/ScreenTimeReport.entitlements;
				CODE_SIGN_STYLE = Automatic;
				CURRENT_PROJECT_VERSION = 1;
				DEVELOPMENT_TEAM = 3XQ8HFGAQN;
				ENABLE_USER_SCRIPT_SANDBOXING = YES;
				GENERATE_INFOPLIST_FILE = YES;
				INFOPLIST_FILE = ScreenTimeReport/Info.plist;
				INFOPLIST_KEY_CFBundleDisplayName = ScreenTimeReport;
				INFOPLIST_KEY_NSHumanReadableCopyright = "";
				LD_RUNPATH_SEARCH_PATHS = (
					"$(inherited)",
					"@executable_path/Frameworks",
					"@executable_path/../../Frameworks",
				);
				MARKETING_VERSION = 1.0;
				PRODUCT_BUNDLE_IDENTIFIER = com.one.ram.Sabotage.ScreenTimeReport;
				PRODUCT_NAME = "$(TARGET_NAME)";
				SKIP_INSTALL = YES;
				SWIFT_EMIT_LOC_STRINGS = YES;
				SWIFT_VERSION = 5.0;
				TARGETED_DEVICE_FAMILY = "1,2";
			};
			name = Debug;
		};
		2169E81E2B3D75C400A8DC07 /* Release */ = {
			isa = XCBuildConfiguration;
			buildSettings = {
				CODE_SIGN_ENTITLEMENTS = ScreenTimeReport/ScreenTimeReport.entitlements;
				CODE_SIGN_STYLE = Automatic;
				CURRENT_PROJECT_VERSION = 1;
				DEVELOPMENT_TEAM = 3XQ8HFGAQN;
				ENABLE_USER_SCRIPT_SANDBOXING = YES;
				GENERATE_INFOPLIST_FILE = YES;
				INFOPLIST_FILE = ScreenTimeReport/Info.plist;
				INFOPLIST_KEY_CFBundleDisplayName = ScreenTimeReport;
				INFOPLIST_KEY_NSHumanReadableCopyright = "";
				LD_RUNPATH_SEARCH_PATHS = (
					"$(inherited)",
					"@executable_path/Frameworks",
					"@executable_path/../../Frameworks",
				);
				MARKETING_VERSION = 1.0;
				PRODUCT_BUNDLE_IDENTIFIER = com.one.ram.Sabotage.ScreenTimeReport;
				PRODUCT_NAME = "$(TARGET_NAME)";
				SKIP_INSTALL = YES;
				SWIFT_EMIT_LOC_STRINGS = YES;
				SWIFT_VERSION = 5.0;
				TARGETED_DEVICE_FAMILY = "1,2";
			};
			name = Release;
		};
/* End XCBuildConfiguration section */

/* Begin XCConfigurationList section */
		214CC4782B3C4782003B74EB /* Build configuration list for PBXProject "Sabotage" */ = {
			isa = XCConfigurationList;
			buildConfigurations = (
				214CC4892B3C4784003B74EB /* Debug */,
				214CC48A2B3C4784003B74EB /* Release */,
			);
			defaultConfigurationIsVisible = 0;
			defaultConfigurationName = Release;
		};
		214CC48B2B3C4784003B74EB /* Build configuration list for PBXNativeTarget "Sabotage" */ = {
			isa = XCConfigurationList;
			buildConfigurations = (
				214CC48C2B3C4784003B74EB /* Debug */,
				214CC48D2B3C4784003B74EB /* Release */,
			);
			defaultConfigurationIsVisible = 0;
			defaultConfigurationName = Release;
		};
		2169E7E22B3D750C00A8DC07 /* Build configuration list for PBXNativeTarget "DeviceActivityMonitor" */ = {
			isa = XCConfigurationList;
			buildConfigurations = (
				2169E7E32B3D750C00A8DC07 /* Debug */,
				2169E7E42B3D750C00A8DC07 /* Release */,
			);
			defaultConfigurationIsVisible = 0;
			defaultConfigurationName = Release;
		};
		2169E7F52B3D752A00A8DC07 /* Build configuration list for PBXNativeTarget "ShieldAction" */ = {
			isa = XCConfigurationList;
			buildConfigurations = (
				2169E7F62B3D752A00A8DC07 /* Debug */,
				2169E7F72B3D752A00A8DC07 /* Release */,
			);
			defaultConfigurationIsVisible = 0;
			defaultConfigurationName = Release;
		};
		2169E8082B3D754500A8DC07 /* Build configuration list for PBXNativeTarget "ShieldConfiguration" */ = {
			isa = XCConfigurationList;
			buildConfigurations = (
				2169E8092B3D754500A8DC07 /* Debug */,
				2169E80A2B3D754500A8DC07 /* Release */,
			);
			defaultConfigurationIsVisible = 0;
			defaultConfigurationName = Release;
		};
		2169E81C2B3D75C400A8DC07 /* Build configuration list for PBXNativeTarget "ScreenTimeReport" */ = {
			isa = XCConfigurationList;
			buildConfigurations = (
				2169E81D2B3D75C400A8DC07 /* Debug */,
				2169E81E2B3D75C400A8DC07 /* Release */,
			);
			defaultConfigurationIsVisible = 0;
			defaultConfigurationName = Release;
		};
/* End XCConfigurationList section */
	};
	rootObject = 214CC4752B3C4782003B74EB /* Project object */;
}
