// !$*UTF8*$!
{
	archiveVersion = 1;
	classes = {
	};
	objectVersion = 56;
	objects = {

/* Begin PBXBuildFile section */
		214CC4812B3C4782003B74EB /* SabotageApp.swift in Sources */ = {isa = PBXBuildFile; fileRef = 214CC4802B3C4782003B74EB /* SabotageApp.swift */; };
		214CC4832B3C4782003B74EB /* ContentView.swift in Sources */ = {isa = PBXBuildFile; fileRef = 214CC4822B3C4782003B74EB /* ContentView.swift */; };
		214CC4852B3C4784003B74EB /* Assets.xcassets in Resources */ = {isa = PBXBuildFile; fileRef = 214CC4842B3C4784003B74EB /* Assets.xcassets */; };
		214CC4882B3C4784003B74EB /* Preview Assets.xcassets in Resources */ = {isa = PBXBuildFile; fileRef = 214CC4872B3C4784003B74EB /* Preview Assets.xcassets */; };
		8852C05D2B3C491600219714 /* ProfileVC.swift in Sources */ = {isa = PBXBuildFile; fileRef = 8852C05C2B3C491600219714 /* ProfileVC.swift */; };
		8852C0612B3C4A7900219714 /* AnalysisVC.swift in Sources */ = {isa = PBXBuildFile; fileRef = 8852C0602B3C4A7900219714 /* AnalysisVC.swift */; };
		8852C0652B3C4AB300219714 /* MainVC.swift in Sources */ = {isa = PBXBuildFile; fileRef = 8852C0642B3C4AB300219714 /* MainVC.swift */; };
		8852C0692B3C4B1300219714 /* ActionItemController.swift in Sources */ = {isa = PBXBuildFile; fileRef = 8852C0682B3C4B1300219714 /* ActionItemController.swift */; };
		8852C06B2B3C4B2800219714 /* SaveActionItemController.swift in Sources */ = {isa = PBXBuildFile; fileRef = 8852C06A2B3C4B2800219714 /* SaveActionItemController.swift */; };
		8852C06D2B3C4B5C00219714 /* LimitItemController.swift in Sources */ = {isa = PBXBuildFile; fileRef = 8852C06C2B3C4B5C00219714 /* LimitItemController.swift */; };
		B692A2FC62489F454D08916D /* Pods_Sabotage.framework in Frameworks */ = {isa = PBXBuildFile; fileRef = 0D54989E361DB14E3DA0ACBD /* Pods_Sabotage.framework */; };
/* End PBXBuildFile section */

/* Begin PBXFileReference section */
		0D54989E361DB14E3DA0ACBD /* Pods_Sabotage.framework */ = {isa = PBXFileReference; explicitFileType = wrapper.framework; includeInIndex = 0; path = Pods_Sabotage.framework; sourceTree = BUILT_PRODUCTS_DIR; };
		214CC47D2B3C4782003B74EB /* Sabotage.app */ = {isa = PBXFileReference; explicitFileType = wrapper.application; includeInIndex = 0; path = Sabotage.app; sourceTree = BUILT_PRODUCTS_DIR; };
		214CC4802B3C4782003B74EB /* SabotageApp.swift */ = {isa = PBXFileReference; lastKnownFileType = sourcecode.swift; path = SabotageApp.swift; sourceTree = "<group>"; };
		214CC4822B3C4782003B74EB /* ContentView.swift */ = {isa = PBXFileReference; lastKnownFileType = sourcecode.swift; path = ContentView.swift; sourceTree = "<group>"; };
		214CC4842B3C4784003B74EB /* Assets.xcassets */ = {isa = PBXFileReference; lastKnownFileType = folder.assetcatalog; path = Assets.xcassets; sourceTree = "<group>"; };
		214CC4872B3C4784003B74EB /* Preview Assets.xcassets */ = {isa = PBXFileReference; lastKnownFileType = folder.assetcatalog; path = "Preview Assets.xcassets"; sourceTree = "<group>"; };
		6FD33177F03DFB8AEC313974 /* Pods-Sabotage.release.xcconfig */ = {isa = PBXFileReference; includeInIndex = 1; lastKnownFileType = text.xcconfig; name = "Pods-Sabotage.release.xcconfig"; path = "Target Support Files/Pods-Sabotage/Pods-Sabotage.release.xcconfig"; sourceTree = "<group>"; };
		8852C05C2B3C491600219714 /* ProfileVC.swift */ = {isa = PBXFileReference; lastKnownFileType = sourcecode.swift; path = ProfileVC.swift; sourceTree = "<group>"; };
		8852C0602B3C4A7900219714 /* AnalysisVC.swift */ = {isa = PBXFileReference; lastKnownFileType = sourcecode.swift; path = AnalysisVC.swift; sourceTree = "<group>"; };
		8852C0642B3C4AB300219714 /* MainVC.swift */ = {isa = PBXFileReference; lastKnownFileType = sourcecode.swift; path = MainVC.swift; sourceTree = "<group>"; };
		8852C0682B3C4B1300219714 /* ActionItemController.swift */ = {isa = PBXFileReference; lastKnownFileType = sourcecode.swift; path = ActionItemController.swift; sourceTree = "<group>"; };
		8852C06A2B3C4B2800219714 /* SaveActionItemController.swift */ = {isa = PBXFileReference; lastKnownFileType = sourcecode.swift; path = SaveActionItemController.swift; sourceTree = "<group>"; };
		8852C06C2B3C4B5C00219714 /* LimitItemController.swift */ = {isa = PBXFileReference; lastKnownFileType = sourcecode.swift; name = LimitItemController.swift; path = "Sabotage/Preview Content/LimitItemController.swift"; sourceTree = SOURCE_ROOT; };
		B67E6903597848D8825D1C81 /* Pods-Sabotage.debug.xcconfig */ = {isa = PBXFileReference; includeInIndex = 1; lastKnownFileType = text.xcconfig; name = "Pods-Sabotage.debug.xcconfig"; path = "Target Support Files/Pods-Sabotage/Pods-Sabotage.debug.xcconfig"; sourceTree = "<group>"; };
/* End PBXFileReference section */

/* Begin PBXFrameworksBuildPhase section */
		214CC47A2B3C4782003B74EB /* Frameworks */ = {
			isa = PBXFrameworksBuildPhase;
			buildActionMask = 2147483647;
			files = (
				B692A2FC62489F454D08916D /* Pods_Sabotage.framework in Frameworks */,
			);
			runOnlyForDeploymentPostprocessing = 0;
		};
/* End PBXFrameworksBuildPhase section */

/* Begin PBXGroup section */
		214CC4742B3C4782003B74EB = {
			isa = PBXGroup;
			children = (
				214CC47F2B3C4782003B74EB /* Sabotage */,
				214CC47E2B3C4782003B74EB /* Products */,
				C4B8D01A6685DE79369298BF /* Pods */,
				B367982E8053F16AA7F05DB0 /* Frameworks */,
			);
			sourceTree = "<group>";
		};
		214CC47E2B3C4782003B74EB /* Products */ = {
			isa = PBXGroup;
			children = (
				214CC47D2B3C4782003B74EB /* Sabotage.app */,
			);
			name = Products;
			sourceTree = "<group>";
		};
		214CC47F2B3C4782003B74EB /* Sabotage */ = {
			isa = PBXGroup;
			children = (
				8852C0622B3C4A9800219714 /* Main */,
				8852C05E2B3C493700219714 /* Analysis */,
				8852C05A2B3C484500219714 /* Profile */,
				214CC4802B3C4782003B74EB /* SabotageApp.swift */,
				214CC4822B3C4782003B74EB /* ContentView.swift */,
				214CC4842B3C4784003B74EB /* Assets.xcassets */,
				214CC4862B3C4784003B74EB /* Preview Content */,
			);
			path = Sabotage;
			sourceTree = "<group>";
		};
		214CC4862B3C4784003B74EB /* Preview Content */ = {
			isa = PBXGroup;
			children = (
				214CC4872B3C4784003B74EB /* Preview Assets.xcassets */,
			);
			path = "Preview Content";
			sourceTree = "<group>";
		};
		8852C05A2B3C484500219714 /* Profile */ = {
			isa = PBXGroup;
			children = (
				8852C05B2B3C48CD00219714 /* ProfileView */,
			);
			path = Profile;
			sourceTree = "<group>";
		};
		8852C05B2B3C48CD00219714 /* ProfileView */ = {
			isa = PBXGroup;
			children = (
				8852C05C2B3C491600219714 /* ProfileVC.swift */,
			);
			path = ProfileView;
			sourceTree = "<group>";
		};
		8852C05E2B3C493700219714 /* Analysis */ = {
			isa = PBXGroup;
			children = (
				8852C05F2B3C49A600219714 /* AnalysisView */,
			);
			path = Analysis;
			sourceTree = "<group>";
		};
		8852C05F2B3C49A600219714 /* AnalysisView */ = {
			isa = PBXGroup;
			children = (
				8852C0602B3C4A7900219714 /* AnalysisVC.swift */,
			);
			path = AnalysisView;
			sourceTree = "<group>";
		};
		8852C0622B3C4A9800219714 /* Main */ = {
			isa = PBXGroup;
			children = (
				8852C0632B3C4AA200219714 /* MainView */,
				8852C0662B3C4ABF00219714 /* ActionView */,
				8852C0672B3C4ADC00219714 /* LimitView */,
			);
			path = Main;
			sourceTree = "<group>";
		};
		8852C0632B3C4AA200219714 /* MainView */ = {
			isa = PBXGroup;
			children = (
				8852C0642B3C4AB300219714 /* MainVC.swift */,
			);
			path = MainView;
			sourceTree = "<group>";
		};
		8852C0662B3C4ABF00219714 /* ActionView */ = {
			isa = PBXGroup;
			children = (
				8852C0682B3C4B1300219714 /* ActionItemController.swift */,
				8852C06A2B3C4B2800219714 /* SaveActionItemController.swift */,
			);
			path = ActionView;
			sourceTree = "<group>";
		};
		8852C0672B3C4ADC00219714 /* LimitView */ = {
			isa = PBXGroup;
			children = (
				8852C06C2B3C4B5C00219714 /* LimitItemController.swift */,
			);
			path = LimitView;
			sourceTree = "<group>";
		};
		B367982E8053F16AA7F05DB0 /* Frameworks */ = {
			isa = PBXGroup;
			children = (
				0D54989E361DB14E3DA0ACBD /* Pods_Sabotage.framework */,
			);
			name = Frameworks;
			sourceTree = "<group>";
		};
		C4B8D01A6685DE79369298BF /* Pods */ = {
			isa = PBXGroup;
			children = (
				B67E6903597848D8825D1C81 /* Pods-Sabotage.debug.xcconfig */,
				6FD33177F03DFB8AEC313974 /* Pods-Sabotage.release.xcconfig */,
			);
			path = Pods;
			sourceTree = "<group>";
		};
/* End PBXGroup section */

/* Begin PBXNativeTarget section */
		214CC47C2B3C4782003B74EB /* Sabotage */ = {
			isa = PBXNativeTarget;
			buildConfigurationList = 214CC48B2B3C4784003B74EB /* Build configuration list for PBXNativeTarget "Sabotage" */;
			buildPhases = (
				A96BC9FC97872165C18B9F09 /* [CP] Check Pods Manifest.lock */,
				214CC4792B3C4782003B74EB /* Sources */,
				214CC47A2B3C4782003B74EB /* Frameworks */,
				214CC47B2B3C4782003B74EB /* Resources */,
				BD15039E30D11C9A80BEC16A /* [CP] Embed Pods Frameworks */,
			);
			buildRules = (
			);
			dependencies = (
			);
			name = Sabotage;
			productName = Sabotage;
			productReference = 214CC47D2B3C4782003B74EB /* Sabotage.app */;
			productType = "com.apple.product-type.application";
		};
/* End PBXNativeTarget section */

/* Begin PBXProject section */
		214CC4752B3C4782003B74EB /* Project object */ = {
			isa = PBXProject;
			attributes = {
				BuildIndependentTargetsInParallel = 1;
				LastSwiftUpdateCheck = 1500;
				LastUpgradeCheck = 1500;
				TargetAttributes = {
					214CC47C2B3C4782003B74EB = {
						CreatedOnToolsVersion = 15.0.1;
					};
				};
			};
			buildConfigurationList = 214CC4782B3C4782003B74EB /* Build configuration list for PBXProject "Sabotage" */;
			compatibilityVersion = "Xcode 14.0";
			developmentRegion = en;
			hasScannedForEncodings = 0;
			knownRegions = (
				en,
				Base,
			);
			mainGroup = 214CC4742B3C4782003B74EB;
			productRefGroup = 214CC47E2B3C4782003B74EB /* Products */;
			projectDirPath = "";
			projectRoot = "";
			targets = (
				214CC47C2B3C4782003B74EB /* Sabotage */,
			);
		};
/* End PBXProject section */

/* Begin PBXResourcesBuildPhase section */
		214CC47B2B3C4782003B74EB /* Resources */ = {
			isa = PBXResourcesBuildPhase;
			buildActionMask = 2147483647;
			files = (
				214CC4882B3C4784003B74EB /* Preview Assets.xcassets in Resources */,
				214CC4852B3C4784003B74EB /* Assets.xcassets in Resources */,
			);
			runOnlyForDeploymentPostprocessing = 0;
		};
/* End PBXResourcesBuildPhase section */

/* Begin PBXShellScriptBuildPhase section */
		A96BC9FC97872165C18B9F09 /* [CP] Check Pods Manifest.lock */ = {
			isa = PBXShellScriptBuildPhase;
			buildActionMask = 2147483647;
			files = (
			);
			inputFileListPaths = (
			);
			inputPaths = (
				"${PODS_PODFILE_DIR_PATH}/Podfile.lock",
				"${PODS_ROOT}/Manifest.lock",
			);
			name = "[CP] Check Pods Manifest.lock";
			outputFileListPaths = (
			);
			outputPaths = (
				"$(DERIVED_FILE_DIR)/Pods-Sabotage-checkManifestLockResult.txt",
			);
			runOnlyForDeploymentPostprocessing = 0;
			shellPath = /bin/sh;
			shellScript = "diff \"${PODS_PODFILE_DIR_PATH}/Podfile.lock\" \"${PODS_ROOT}/Manifest.lock\" > /dev/null\nif [ $? != 0 ] ; then\n    # print error to STDERR\n    echo \"error: The sandbox is not in sync with the Podfile.lock. Run 'pod install' or update your CocoaPods installation.\" >&2\n    exit 1\nfi\n# This output is used by Xcode 'outputs' to avoid re-running this script phase.\necho \"SUCCESS\" > \"${SCRIPT_OUTPUT_FILE_0}\"\n";
			showEnvVarsInLog = 0;
		};
		BD15039E30D11C9A80BEC16A /* [CP] Embed Pods Frameworks */ = {
			isa = PBXShellScriptBuildPhase;
			buildActionMask = 2147483647;
			files = (
			);
			inputFileListPaths = (
				"${PODS_ROOT}/Target Support Files/Pods-Sabotage/Pods-Sabotage-frameworks-${CONFIGURATION}-input-files.xcfilelist",
			);
			name = "[CP] Embed Pods Frameworks";
			outputFileListPaths = (
				"${PODS_ROOT}/Target Support Files/Pods-Sabotage/Pods-Sabotage-frameworks-${CONFIGURATION}-output-files.xcfilelist",
			);
			runOnlyForDeploymentPostprocessing = 0;
			shellPath = /bin/sh;
			shellScript = "\"${PODS_ROOT}/Target Support Files/Pods-Sabotage/Pods-Sabotage-frameworks.sh\"\n";
			showEnvVarsInLog = 0;
		};
/* End PBXShellScriptBuildPhase section */

/* Begin PBXSourcesBuildPhase section */
		214CC4792B3C4782003B74EB /* Sources */ = {
			isa = PBXSourcesBuildPhase;
			buildActionMask = 2147483647;
			files = (
				8852C0692B3C4B1300219714 /* ActionItemController.swift in Sources */,
				8852C0612B3C4A7900219714 /* AnalysisVC.swift in Sources */,
				8852C0652B3C4AB300219714 /* MainVC.swift in Sources */,
				8852C05D2B3C491600219714 /* ProfileVC.swift in Sources */,
				214CC4832B3C4782003B74EB /* ContentView.swift in Sources */,
				214CC4812B3C4782003B74EB /* SabotageApp.swift in Sources */,
				8852C06D2B3C4B5C00219714 /* LimitItemController.swift in Sources */,
				8852C06B2B3C4B2800219714 /* SaveActionItemController.swift in Sources */,
			);
			runOnlyForDeploymentPostprocessing = 0;
		};
/* End PBXSourcesBuildPhase section */

/* Begin XCBuildConfiguration section */
		214CC4892B3C4784003B74EB /* Debug */ = {
			isa = XCBuildConfiguration;
			buildSettings = {
				ALWAYS_SEARCH_USER_PATHS = NO;
				ASSETCATALOG_COMPILER_GENERATE_SWIFT_ASSET_SYMBOL_EXTENSIONS = YES;
				CLANG_ANALYZER_NONNULL = YES;
				CLANG_ANALYZER_NUMBER_OBJECT_CONVERSION = YES_AGGRESSIVE;
				CLANG_CXX_LANGUAGE_STANDARD = "gnu++20";
				CLANG_ENABLE_MODULES = YES;
				CLANG_ENABLE_OBJC_ARC = YES;
				CLANG_ENABLE_OBJC_WEAK = YES;
				CLANG_WARN_BLOCK_CAPTURE_AUTORELEASING = YES;
				CLANG_WARN_BOOL_CONVERSION = YES;
				CLANG_WARN_COMMA = YES;
				CLANG_WARN_CONSTANT_CONVERSION = YES;
				CLANG_WARN_DEPRECATED_OBJC_IMPLEMENTATIONS = YES;
				CLANG_WARN_DIRECT_OBJC_ISA_USAGE = YES_ERROR;
				CLANG_WARN_DOCUMENTATION_COMMENTS = YES;
				CLANG_WARN_EMPTY_BODY = YES;
				CLANG_WARN_ENUM_CONVERSION = YES;
				CLANG_WARN_INFINITE_RECURSION = YES;
				CLANG_WARN_INT_CONVERSION = YES;
				CLANG_WARN_NON_LITERAL_NULL_CONVERSION = YES;
				CLANG_WARN_OBJC_IMPLICIT_RETAIN_SELF = YES;
				CLANG_WARN_OBJC_LITERAL_CONVERSION = YES;
				CLANG_WARN_OBJC_ROOT_CLASS = YES_ERROR;
				CLANG_WARN_QUOTED_INCLUDE_IN_FRAMEWORK_HEADER = YES;
				CLANG_WARN_RANGE_LOOP_ANALYSIS = YES;
				CLANG_WARN_STRICT_PROTOTYPES = YES;
				CLANG_WARN_SUSPICIOUS_MOVE = YES;
				CLANG_WARN_UNGUARDED_AVAILABILITY = YES_AGGRESSIVE;
				CLANG_WARN_UNREACHABLE_CODE = YES;
				CLANG_WARN__DUPLICATE_METHOD_MATCH = YES;
				COPY_PHASE_STRIP = NO;
				DEBUG_INFORMATION_FORMAT = dwarf;
				ENABLE_STRICT_OBJC_MSGSEND = YES;
				ENABLE_TESTABILITY = YES;
				ENABLE_USER_SCRIPT_SANDBOXING = NO;
				GCC_C_LANGUAGE_STANDARD = gnu17;
				GCC_DYNAMIC_NO_PIC = NO;
				GCC_NO_COMMON_BLOCKS = YES;
				GCC_OPTIMIZATION_LEVEL = 0;
				GCC_PREPROCESSOR_DEFINITIONS = (
					"DEBUG=1",
					"$(inherited)",
				);
				GCC_WARN_64_TO_32_BIT_CONVERSION = YES;
				GCC_WARN_ABOUT_RETURN_TYPE = YES_ERROR;
				GCC_WARN_UNDECLARED_SELECTOR = YES;
				GCC_WARN_UNINITIALIZED_AUTOS = YES_AGGRESSIVE;
				GCC_WARN_UNUSED_FUNCTION = YES;
				GCC_WARN_UNUSED_VARIABLE = YES;
				IPHONEOS_DEPLOYMENT_TARGET = 17.0;
				LOCALIZATION_PREFERS_STRING_CATALOGS = YES;
				MTL_ENABLE_DEBUG_INFO = INCLUDE_SOURCE;
				MTL_FAST_MATH = YES;
				ONLY_ACTIVE_ARCH = YES;
				SDKROOT = iphoneos;
				SWIFT_ACTIVE_COMPILATION_CONDITIONS = "DEBUG $(inherited)";
				SWIFT_OPTIMIZATION_LEVEL = "-Onone";
			};
			name = Debug;
		};
		214CC48A2B3C4784003B74EB /* Release */ = {
			isa = XCBuildConfiguration;
			buildSettings = {
				ALWAYS_SEARCH_USER_PATHS = NO;
				ASSETCATALOG_COMPILER_GENERATE_SWIFT_ASSET_SYMBOL_EXTENSIONS = YES;
				CLANG_ANALYZER_NONNULL = YES;
				CLANG_ANALYZER_NUMBER_OBJECT_CONVERSION = YES_AGGRESSIVE;
				CLANG_CXX_LANGUAGE_STANDARD = "gnu++20";
				CLANG_ENABLE_MODULES = YES;
				CLANG_ENABLE_OBJC_ARC = YES;
				CLANG_ENABLE_OBJC_WEAK = YES;
				CLANG_WARN_BLOCK_CAPTURE_AUTORELEASING = YES;
				CLANG_WARN_BOOL_CONVERSION = YES;
				CLANG_WARN_COMMA = YES;
				CLANG_WARN_CONSTANT_CONVERSION = YES;
				CLANG_WARN_DEPRECATED_OBJC_IMPLEMENTATIONS = YES;
				CLANG_WARN_DIRECT_OBJC_ISA_USAGE = YES_ERROR;
				CLANG_WARN_DOCUMENTATION_COMMENTS = YES;
				CLANG_WARN_EMPTY_BODY = YES;
				CLANG_WARN_ENUM_CONVERSION = YES;
				CLANG_WARN_INFINITE_RECURSION = YES;
				CLANG_WARN_INT_CONVERSION = YES;
				CLANG_WARN_NON_LITERAL_NULL_CONVERSION = YES;
				CLANG_WARN_OBJC_IMPLICIT_RETAIN_SELF = YES;
				CLANG_WARN_OBJC_LITERAL_CONVERSION = YES;
				CLANG_WARN_OBJC_ROOT_CLASS = YES_ERROR;
				CLANG_WARN_QUOTED_INCLUDE_IN_FRAMEWORK_HEADER = YES;
				CLANG_WARN_RANGE_LOOP_ANALYSIS = YES;
				CLANG_WARN_STRICT_PROTOTYPES = YES;
				CLANG_WARN_SUSPICIOUS_MOVE = YES;
				CLANG_WARN_UNGUARDED_AVAILABILITY = YES_AGGRESSIVE;
				CLANG_WARN_UNREACHABLE_CODE = YES;
				CLANG_WARN__DUPLICATE_METHOD_MATCH = YES;
				COPY_PHASE_STRIP = NO;
				DEBUG_INFORMATION_FORMAT = "dwarf-with-dsym";
				ENABLE_NS_ASSERTIONS = NO;
				ENABLE_STRICT_OBJC_MSGSEND = YES;
				ENABLE_USER_SCRIPT_SANDBOXING = NO;
				GCC_C_LANGUAGE_STANDARD = gnu17;
				GCC_NO_COMMON_BLOCKS = YES;
				GCC_WARN_64_TO_32_BIT_CONVERSION = YES;
				GCC_WARN_ABOUT_RETURN_TYPE = YES_ERROR;
				GCC_WARN_UNDECLARED_SELECTOR = YES;
				GCC_WARN_UNINITIALIZED_AUTOS = YES_AGGRESSIVE;
				GCC_WARN_UNUSED_FUNCTION = YES;
				GCC_WARN_UNUSED_VARIABLE = YES;
				IPHONEOS_DEPLOYMENT_TARGET = 17.0;
				LOCALIZATION_PREFERS_STRING_CATALOGS = YES;
				MTL_ENABLE_DEBUG_INFO = NO;
				MTL_FAST_MATH = YES;
				SDKROOT = iphoneos;
				SWIFT_COMPILATION_MODE = wholemodule;
				VALIDATE_PRODUCT = YES;
			};
			name = Release;
		};
		214CC48C2B3C4784003B74EB /* Debug */ = {
			isa = XCBuildConfiguration;
			baseConfigurationReference = B67E6903597848D8825D1C81 /* Pods-Sabotage.debug.xcconfig */;
			buildSettings = {
				ASSETCATALOG_COMPILER_APPICON_NAME = AppIcon;
				ASSETCATALOG_COMPILER_GLOBAL_ACCENT_COLOR_NAME = AccentColor;
				CODE_SIGN_STYLE = Automatic;
				CURRENT_PROJECT_VERSION = 1;
				DEVELOPMENT_ASSET_PATHS = "\"Sabotage/Preview Content\"";
				DEVELOPMENT_TEAM = 3XQ8HFGAQN;
				ENABLE_PREVIEWS = YES;
				GENERATE_INFOPLIST_FILE = YES;
				INFOPLIST_KEY_UIApplicationSceneManifest_Generation = YES;
				INFOPLIST_KEY_UIApplicationSupportsIndirectInputEvents = YES;
				INFOPLIST_KEY_UILaunchScreen_Generation = YES;
				INFOPLIST_KEY_UISupportedInterfaceOrientations_iPad = "UIInterfaceOrientationPortrait UIInterfaceOrientationPortraitUpsideDown UIInterfaceOrientationLandscapeLeft UIInterfaceOrientationLandscapeRight";
				INFOPLIST_KEY_UISupportedInterfaceOrientations_iPhone = "UIInterfaceOrientationPortrait UIInterfaceOrientationLandscapeLeft UIInterfaceOrientationLandscapeRight";
				LD_RUNPATH_SEARCH_PATHS = (
					"$(inherited)",
					"@executable_path/Frameworks",
				);
				MARKETING_VERSION = 1.0;
				PRODUCT_BUNDLE_IDENTIFIER = com.one.ram.Sabotage;
				PRODUCT_NAME = "$(TARGET_NAME)";
				SWIFT_EMIT_LOC_STRINGS = YES;
				SWIFT_VERSION = 5.0;
				TARGETED_DEVICE_FAMILY = "1,2";
			};
			name = Debug;
		};
		214CC48D2B3C4784003B74EB /* Release */ = {
			isa = XCBuildConfiguration;
			baseConfigurationReference = 6FD33177F03DFB8AEC313974 /* Pods-Sabotage.release.xcconfig */;
			buildSettings = {
				ASSETCATALOG_COMPILER_APPICON_NAME = AppIcon;
				ASSETCATALOG_COMPILER_GLOBAL_ACCENT_COLOR_NAME = AccentColor;
				CODE_SIGN_STYLE = Automatic;
				CURRENT_PROJECT_VERSION = 1;
				DEVELOPMENT_ASSET_PATHS = "\"Sabotage/Preview Content\"";
				DEVELOPMENT_TEAM = 3XQ8HFGAQN;
				ENABLE_PREVIEWS = YES;
				GENERATE_INFOPLIST_FILE = YES;
				INFOPLIST_KEY_UIApplicationSceneManifest_Generation = YES;
				INFOPLIST_KEY_UIApplicationSupportsIndirectInputEvents = YES;
				INFOPLIST_KEY_UILaunchScreen_Generation = YES;
				INFOPLIST_KEY_UISupportedInterfaceOrientations_iPad = "UIInterfaceOrientationPortrait UIInterfaceOrientationPortraitUpsideDown UIInterfaceOrientationLandscapeLeft UIInterfaceOrientationLandscapeRight";
				INFOPLIST_KEY_UISupportedInterfaceOrientations_iPhone = "UIInterfaceOrientationPortrait UIInterfaceOrientationLandscapeLeft UIInterfaceOrientationLandscapeRight";
				LD_RUNPATH_SEARCH_PATHS = (
					"$(inherited)",
					"@executable_path/Frameworks",
				);
				MARKETING_VERSION = 1.0;
				PRODUCT_BUNDLE_IDENTIFIER = com.one.ram.Sabotage;
				PRODUCT_NAME = "$(TARGET_NAME)";
				SWIFT_EMIT_LOC_STRINGS = YES;
				SWIFT_VERSION = 5.0;
				TARGETED_DEVICE_FAMILY = "1,2";
			};
			name = Release;
		};
/* End XCBuildConfiguration section */

/* Begin XCConfigurationList section */
		214CC4782B3C4782003B74EB /* Build configuration list for PBXProject "Sabotage" */ = {
			isa = XCConfigurationList;
			buildConfigurations = (
				214CC4892B3C4784003B74EB /* Debug */,
				214CC48A2B3C4784003B74EB /* Release */,
			);
			defaultConfigurationIsVisible = 0;
			defaultConfigurationName = Release;
		};
		214CC48B2B3C4784003B74EB /* Build configuration list for PBXNativeTarget "Sabotage" */ = {
			isa = XCConfigurationList;
			buildConfigurations = (
				214CC48C2B3C4784003B74EB /* Debug */,
				214CC48D2B3C4784003B74EB /* Release */,
			);
			defaultConfigurationIsVisible = 0;
			defaultConfigurationName = Release;
		};
/* End XCConfigurationList section */
	};
	rootObject = 214CC4752B3C4782003B74EB /* Project object */;
}
